// !$*UTF8*$!
{
	archiveVersion = 1;
	classes = {
	};
	objectVersion = 55;
	objects = {

/* Begin PBXBuildFile section */
		2606823827EE140E00B641B2 /* ButtonClicksCounter.swift in Sources */ = {isa = PBXBuildFile; fileRef = 2606823727EE140E00B641B2 /* ButtonClicksCounter.swift */; };
		2606823B27EE161400B641B2 /* AllControlsButtonView.swift in Sources */ = {isa = PBXBuildFile; fileRef = 2606823A27EE161400B641B2 /* AllControlsButtonView.swift */; };
		2606823E27EE163000B641B2 /* AllControlsBaseView.swift in Sources */ = {isa = PBXBuildFile; fileRef = 2606823D27EE163000B641B2 /* AllControlsBaseView.swift */; };
		2606824027EE3B3E00B641B2 /* AllControlsSwitchView.swift in Sources */ = {isa = PBXBuildFile; fileRef = 2606823F27EE3B3E00B641B2 /* AllControlsSwitchView.swift */; };
		2606824227EE3D4900B641B2 /* AllControlsSegmentedControlView.swift in Sources */ = {isa = PBXBuildFile; fileRef = 2606824127EE3D4900B641B2 /* AllControlsSegmentedControlView.swift */; };
		2606824427EE3D5C00B641B2 /* AllControlsTextFieldView.swift in Sources */ = {isa = PBXBuildFile; fileRef = 2606824327EE3D5C00B641B2 /* AllControlsTextFieldView.swift */; };
		2606824627EE3D6C00B641B2 /* AllControlsStepperView.swift in Sources */ = {isa = PBXBuildFile; fileRef = 2606824527EE3D6C00B641B2 /* AllControlsStepperView.swift */; };
		2606824827EE3D7B00B641B2 /* AllControlsSliderView.swift in Sources */ = {isa = PBXBuildFile; fileRef = 2606824727EE3D7B00B641B2 /* AllControlsSliderView.swift */; };
		2606824A27EE3D8A00B641B2 /* AllControlsActivityIndicatorView.swift in Sources */ = {isa = PBXBuildFile; fileRef = 2606824927EE3D8A00B641B2 /* AllControlsActivityIndicatorView.swift */; };
		2606824C27EE3D9700B641B2 /* AllControlsProgressView.swift in Sources */ = {isa = PBXBuildFile; fileRef = 2606824B27EE3D9700B641B2 /* AllControlsProgressView.swift */; };
		2606824E27EE3DA000B641B2 /* AllControlsPageControlView.swift in Sources */ = {isa = PBXBuildFile; fileRef = 2606824D27EE3DA000B641B2 /* AllControlsPageControlView.swift */; };
		2606825327F0728100B641B2 /* LabelMenuViewController.swift in Sources */ = {isa = PBXBuildFile; fileRef = 2606825227F0728100B641B2 /* LabelMenuViewController.swift */; };
		2606825527F0728800B641B2 /* LabelMenuItem.swift in Sources */ = {isa = PBXBuildFile; fileRef = 2606825427F0728800B641B2 /* LabelMenuItem.swift */; };
		2606825727F072F900B641B2 /* FontSizesViewController.swift in Sources */ = {isa = PBXBuildFile; fileRef = 2606825627F072F900B641B2 /* FontSizesViewController.swift */; };
		2606825927F0731500B641B2 /* FontWeightsViewController.swift in Sources */ = {isa = PBXBuildFile; fileRef = 2606825827F0731500B641B2 /* FontWeightsViewController.swift */; };
		2606825B27F0731F00B641B2 /* TextStylesViewController.swift in Sources */ = {isa = PBXBuildFile; fileRef = 2606825A27F0731F00B641B2 /* TextStylesViewController.swift */; };
		2620623027F32AE000FD0CF3 /* ButtonMenuViewController.swift in Sources */ = {isa = PBXBuildFile; fileRef = 2620622727F32AE000FD0CF3 /* ButtonMenuViewController.swift */; };
		2620623127F32AE000FD0CF3 /* ButtonMenuItem.swift in Sources */ = {isa = PBXBuildFile; fileRef = 2620622827F32AE000FD0CF3 /* ButtonMenuItem.swift */; };
		2620623227F32AE000FD0CF3 /* ButtonToggleViewController.swift in Sources */ = {isa = PBXBuildFile; fileRef = 2620622A27F32AE000FD0CF3 /* ButtonToggleViewController.swift */; };
		2620623327F32AE000FD0CF3 /* ButtonSystemSizesViewController.swift in Sources */ = {isa = PBXBuildFile; fileRef = 2620622B27F32AE000FD0CF3 /* ButtonSystemSizesViewController.swift */; };
		2620623427F32AE000FD0CF3 /* ButtonImagePlacementViewController.swift in Sources */ = {isa = PBXBuildFile; fileRef = 2620622C27F32AE000FD0CF3 /* ButtonImagePlacementViewController.swift */; };
		2620623527F32AE000FD0CF3 /* ButtonCornerStyleViewController.swift in Sources */ = {isa = PBXBuildFile; fileRef = 2620622D27F32AE000FD0CF3 /* ButtonCornerStyleViewController.swift */; };
		2620623627F32AE000FD0CF3 /* ButtonStylesViewController.swift in Sources */ = {isa = PBXBuildFile; fileRef = 2620622E27F32AE000FD0CF3 /* ButtonStylesViewController.swift */; };
		2620623727F32AE000FD0CF3 /* OtherButtonsViewController.swift in Sources */ = {isa = PBXBuildFile; fileRef = 2620622F27F32AE000FD0CF3 /* OtherButtonsViewController.swift */; };
		2631536828030F9800939451 /* TextFieldBorderStyleViewController.swift in Sources */ = {isa = PBXBuildFile; fileRef = 2631535C28030F9800939451 /* TextFieldBorderStyleViewController.swift */; };
		2631536A28030F9800939451 /* TextFieldKeyboardTypeViewController.swift in Sources */ = {isa = PBXBuildFile; fileRef = 2631535E28030F9800939451 /* TextFieldKeyboardTypeViewController.swift */; };
		2631536B28030F9800939451 /* TextFieldTraitsViewController.swift in Sources */ = {isa = PBXBuildFile; fileRef = 2631535F28030F9800939451 /* TextFieldTraitsViewController.swift */; };
		2631536C28030F9800939451 /* TextFieldClearButtonViewController.swift in Sources */ = {isa = PBXBuildFile; fileRef = 2631536028030F9800939451 /* TextFieldClearButtonViewController.swift */; };
		2631536D28030F9800939451 /* TextFieldReturnKeyTypeViewController.swift in Sources */ = {isa = PBXBuildFile; fileRef = 2631536128030F9800939451 /* TextFieldReturnKeyTypeViewController.swift */; };
		2631536E28030F9800939451 /* TextFieldDisabledViewController.swift in Sources */ = {isa = PBXBuildFile; fileRef = 2631536228030F9800939451 /* TextFieldDisabledViewController.swift */; };
		2631536F28030F9800939451 /* BaseTextFieldViewController.swift in Sources */ = {isa = PBXBuildFile; fileRef = 2631536428030F9800939451 /* BaseTextFieldViewController.swift */; };
		2631537028030F9800939451 /* TextFieldMenuViewController.swift in Sources */ = {isa = PBXBuildFile; fileRef = 2631536628030F9800939451 /* TextFieldMenuViewController.swift */; };
		2631537128030F9800939451 /* TextFieldMenuItem.swift in Sources */ = {isa = PBXBuildFile; fileRef = 2631536728030F9800939451 /* TextFieldMenuItem.swift */; };
		263153732803327900939451 /* TextFieldPasswordViewController.swift in Sources */ = {isa = PBXBuildFile; fileRef = 263153722803327900939451 /* TextFieldPasswordViewController.swift */; };
		263153752803329600939451 /* TextFieldAlignmentViewController.swift in Sources */ = {isa = PBXBuildFile; fileRef = 263153742803329600939451 /* TextFieldAlignmentViewController.swift */; };
		2631537F2803392300939451 /* TextViewMenuItem.swift in Sources */ = {isa = PBXBuildFile; fileRef = 2631537E2803392300939451 /* TextViewMenuItem.swift */; };
		263153812803392A00939451 /* TextViewMenuViewController.swift in Sources */ = {isa = PBXBuildFile; fileRef = 263153802803392A00939451 /* TextViewMenuViewController.swift */; };
		263153832803394200939451 /* TextViewDataDetectorsViewController.swift in Sources */ = {isa = PBXBuildFile; fileRef = 263153822803394200939451 /* TextViewDataDetectorsViewController.swift */; };
		263153852803394A00939451 /* TextViewEditableViewController.swift in Sources */ = {isa = PBXBuildFile; fileRef = 263153842803394A00939451 /* TextViewEditableViewController.swift */; };
		263153872803395300939451 /* TextViewNonEditableViewController.swift in Sources */ = {isa = PBXBuildFile; fileRef = 263153862803395300939451 /* TextViewNonEditableViewController.swift */; };
		263153892803395900939451 /* TextViewNonEditableNonSelectableViewController.swift in Sources */ = {isa = PBXBuildFile; fileRef = 263153882803395900939451 /* TextViewNonEditableNonSelectableViewController.swift */; };
		2631538C28033B8800939451 /* mockLongText.txt in Resources */ = {isa = PBXBuildFile; fileRef = 2631538B28033B8800939451 /* mockLongText.txt */; };
		2631538E28033BB400939451 /* MockDataLoader.swift in Sources */ = {isa = PBXBuildFile; fileRef = 2631538D28033BB400939451 /* MockDataLoader.swift */; };
		26484F5F2806C68900002EE3 /* mockDataDetectorsText.txt in Resources */ = {isa = PBXBuildFile; fileRef = 2631538F280340E000939451 /* mockDataDetectorsText.txt */; };
		26484F682806CBEE00002EE3 /* ScrollViewHorizontalViewController.swift in Sources */ = {isa = PBXBuildFile; fileRef = 26484F622806CBEE00002EE3 /* ScrollViewHorizontalViewController.swift */; };
		26484F692806CBEE00002EE3 /* ScrollViewVerticalViewController.swift in Sources */ = {isa = PBXBuildFile; fileRef = 26484F632806CBEE00002EE3 /* ScrollViewVerticalViewController.swift */; };
		26484F6A2806CBEE00002EE3 /* ScrollViewTwoDirectionsViewController.swift in Sources */ = {isa = PBXBuildFile; fileRef = 26484F642806CBEE00002EE3 /* ScrollViewTwoDirectionsViewController.swift */; };
		26484F6B2806CBEE00002EE3 /* ScrollViewMenuItem.swift in Sources */ = {isa = PBXBuildFile; fileRef = 26484F662806CBEE00002EE3 /* ScrollViewMenuItem.swift */; };
		26484F6C2806CBEE00002EE3 /* ScrollViewMenuViewController.swift in Sources */ = {isa = PBXBuildFile; fileRef = 26484F672806CBEE00002EE3 /* ScrollViewMenuViewController.swift */; };
		26484FA928070C5B00002EE3 /* TableViewSectionIndexViewController.swift in Sources */ = {isa = PBXBuildFile; fileRef = 26484F7028070C5B00002EE3 /* TableViewSectionIndexViewController.swift */; };
		26484FAA28070C5B00002EE3 /* TableViewSectionIndexViewModel.swift in Sources */ = {isa = PBXBuildFile; fileRef = 26484F7128070C5B00002EE3 /* TableViewSectionIndexViewModel.swift */; };
		26484FAB28070C5B00002EE3 /* TableViewHeadersAndFoottersViewController.swift in Sources */ = {isa = PBXBuildFile; fileRef = 26484F7328070C5B00002EE3 /* TableViewHeadersAndFoottersViewController.swift */; };
		26484FAD28070C5B00002EE3 /* TableViewSectionHeaderView.swift in Sources */ = {isa = PBXBuildFile; fileRef = 26484F7628070C5B00002EE3 /* TableViewSectionHeaderView.swift */; };
		26484FAE28070C5B00002EE3 /* TableViewStyleInsetGroupedViewController.swift in Sources */ = {isa = PBXBuildFile; fileRef = 26484F7928070C5B00002EE3 /* TableViewStyleInsetGroupedViewController.swift */; };
		26484FAF28070C5B00002EE3 /* TableViewStyleGroupedViewController.swift in Sources */ = {isa = PBXBuildFile; fileRef = 26484F7A28070C5B00002EE3 /* TableViewStyleGroupedViewController.swift */; };
		26484FB028070C5B00002EE3 /* TableViewStylePlainViewController.swift in Sources */ = {isa = PBXBuildFile; fileRef = 26484F7B28070C5B00002EE3 /* TableViewStylePlainViewController.swift */; };
		26484FB128070C5B00002EE3 /* TableViewStyleMenuItem.swift in Sources */ = {isa = PBXBuildFile; fileRef = 26484F7D28070C5B00002EE3 /* TableViewStyleMenuItem.swift */; };
		26484FB228070C5B00002EE3 /* TableViewStyleMenuViewController.swift in Sources */ = {isa = PBXBuildFile; fileRef = 26484F7E28070C5B00002EE3 /* TableViewStyleMenuViewController.swift */; };
		26484FB428070C5B00002EE3 /* TableViewSeparatorStyleNoneViewController.swift in Sources */ = {isa = PBXBuildFile; fileRef = 26484F8228070C5B00002EE3 /* TableViewSeparatorStyleNoneViewController.swift */; };
		26484FB528070C5B00002EE3 /* TableViewSeparatorStyleLineViewController.swift in Sources */ = {isa = PBXBuildFile; fileRef = 26484F8328070C5B00002EE3 /* TableViewSeparatorStyleLineViewController.swift */; };
		26484FB628070C5B00002EE3 /* TableViewSeparatorStyleMenuItem.swift in Sources */ = {isa = PBXBuildFile; fileRef = 26484F8528070C5B00002EE3 /* TableViewSeparatorStyleMenuItem.swift */; };
		26484FB728070C5B00002EE3 /* TableViewSeparatorStyleMenuViewController.swift in Sources */ = {isa = PBXBuildFile; fileRef = 26484F8628070C5B00002EE3 /* TableViewSeparatorStyleMenuViewController.swift */; };
		26484FB828070C5B00002EE3 /* CellStyleBodyViewController.swift in Sources */ = {isa = PBXBuildFile; fileRef = 26484F8928070C5B00002EE3 /* CellStyleBodyViewController.swift */; };
		26484FB928070C5B00002EE3 /* CellStyleLongTextViewController.swift in Sources */ = {isa = PBXBuildFile; fileRef = 26484F8A28070C5B00002EE3 /* CellStyleLongTextViewController.swift */; };
		26484FBA28070C5B00002EE3 /* CellStyleDefaultFontViewController.swift in Sources */ = {isa = PBXBuildFile; fileRef = 26484F8B28070C5B00002EE3 /* CellStyleDefaultFontViewController.swift */; };
		26484FBB28070C5B00002EE3 /* CellStyleTitle3ViewController.swift in Sources */ = {isa = PBXBuildFile; fileRef = 26484F8C28070C5B00002EE3 /* CellStyleTitle3ViewController.swift */; };
		26484FBC28070C5B00002EE3 /* CellStyleSection.swift in Sources */ = {isa = PBXBuildFile; fileRef = 26484F8E28070C5B00002EE3 /* CellStyleSection.swift */; };
		26484FBD28070C5B00002EE3 /* CellStyleBaseViewController.swift in Sources */ = {isa = PBXBuildFile; fileRef = 26484F8F28070C5B00002EE3 /* CellStyleBaseViewController.swift */; };
		26484FBE28070C5B00002EE3 /* CellStyleMenuViewController.swift in Sources */ = {isa = PBXBuildFile; fileRef = 26484F9128070C5B00002EE3 /* CellStyleMenuViewController.swift */; };
		26484FBF28070C5B00002EE3 /* CellStyleMenuItem.swift in Sources */ = {isa = PBXBuildFile; fileRef = 26484F9228070C5B00002EE3 /* CellStyleMenuItem.swift */; };
		26484FC028070C5B00002EE3 /* CellSelectionStyleViewController.swift in Sources */ = {isa = PBXBuildFile; fileRef = 26484F9428070C5B00002EE3 /* CellSelectionStyleViewController.swift */; };
		26484FC128070C5B00002EE3 /* CellSelectionStyleItem.swift in Sources */ = {isa = PBXBuildFile; fileRef = 26484F9528070C5B00002EE3 /* CellSelectionStyleItem.swift */; };
		26484FC228070C5B00002EE3 /* TableViewSelectionMultipleViewController.swift in Sources */ = {isa = PBXBuildFile; fileRef = 26484F9828070C5B00002EE3 /* TableViewSelectionMultipleViewController.swift */; };
		26484FC328070C5B00002EE3 /* TableViewSelectionSingleViewController.swift in Sources */ = {isa = PBXBuildFile; fileRef = 26484F9928070C5B00002EE3 /* TableViewSelectionSingleViewController.swift */; };
		26484FC428070C5B00002EE3 /* TableViewSelectionWithDeselectViewController.swift in Sources */ = {isa = PBXBuildFile; fileRef = 26484F9A28070C5B00002EE3 /* TableViewSelectionWithDeselectViewController.swift */; };
		26484FC528070C5B00002EE3 /* TableViewSelectionMenuViewController.swift in Sources */ = {isa = PBXBuildFile; fileRef = 26484F9C28070C5B00002EE3 /* TableViewSelectionMenuViewController.swift */; };
		26484FC628070C5B00002EE3 /* TableViewSelectionMenuItem.swift in Sources */ = {isa = PBXBuildFile; fileRef = 26484F9D28070C5B00002EE3 /* TableViewSelectionMenuItem.swift */; };
		26484FC728070C5B00002EE3 /* CellSeparatorInsetsSection.swift in Sources */ = {isa = PBXBuildFile; fileRef = 26484F9F28070C5B00002EE3 /* CellSeparatorInsetsSection.swift */; };
		26484FC828070C5B00002EE3 /* CellSeparatorInsetsViewController.swift in Sources */ = {isa = PBXBuildFile; fileRef = 26484FA028070C5B00002EE3 /* CellSeparatorInsetsViewController.swift */; };
		26484FC928070C5B00002EE3 /* SimpleTableViewController.swift in Sources */ = {isa = PBXBuildFile; fileRef = 26484FA228070C5B00002EE3 /* SimpleTableViewController.swift */; };
		26484FCA28070C5B00002EE3 /* CellAccessoryTypeItem.swift in Sources */ = {isa = PBXBuildFile; fileRef = 26484FA428070C5B00002EE3 /* CellAccessoryTypeItem.swift */; };
		26484FCB28070C5B00002EE3 /* CellAccessoryTypeViewController.swift in Sources */ = {isa = PBXBuildFile; fileRef = 26484FA528070C5B00002EE3 /* CellAccessoryTypeViewController.swift */; };
		26484FCC28070C5B00002EE3 /* TableViewMenuViewController.swift in Sources */ = {isa = PBXBuildFile; fileRef = 26484FA728070C5B00002EE3 /* TableViewMenuViewController.swift */; };
		26484FCD28070C5B00002EE3 /* TableViewMenuItem.swift in Sources */ = {isa = PBXBuildFile; fileRef = 26484FA828070C5B00002EE3 /* TableViewMenuItem.swift */; };
		26484FCF28070CE100002EE3 /* SimpleTableViewCell.swift in Sources */ = {isa = PBXBuildFile; fileRef = 26484FCE28070CE100002EE3 /* SimpleTableViewCell.swift */; };
		26484FD1280719FB00002EE3 /* personData.json in Resources */ = {isa = PBXBuildFile; fileRef = 26484FD0280719FB00002EE3 /* personData.json */; };
		26484FD428071A5F00002EE3 /* Person.swift in Sources */ = {isa = PBXBuildFile; fileRef = 26484FD328071A5F00002EE3 /* Person.swift */; };
		26484FDB2807225400002EE3 /* DefaultStyleTableViewCell.swift in Sources */ = {isa = PBXBuildFile; fileRef = 26484FDA2807225400002EE3 /* DefaultStyleTableViewCell.swift */; };
		26484FDD2807226900002EE3 /* Value1StyleTableViewCell.swift in Sources */ = {isa = PBXBuildFile; fileRef = 26484FDC2807226900002EE3 /* Value1StyleTableViewCell.swift */; };
		26484FDF2807228800002EE3 /* Value2StyleTableViewCell.swift in Sources */ = {isa = PBXBuildFile; fileRef = 26484FDE2807228800002EE3 /* Value2StyleTableViewCell.swift */; };
		26484FE12807229F00002EE3 /* SubtitleStyleTableViewCell.swift in Sources */ = {isa = PBXBuildFile; fileRef = 26484FE02807229F00002EE3 /* SubtitleStyleTableViewCell.swift */; };
		26484FE42807369A00002EE3 /* DefaultSeparatorInsetTableViewCell.swift in Sources */ = {isa = PBXBuildFile; fileRef = 26484FE32807369A00002EE3 /* DefaultSeparatorInsetTableViewCell.swift */; };
		26484FE6280736AB00002EE3 /* ZeroSeparatorInsetTableViewCell.swift in Sources */ = {isa = PBXBuildFile; fileRef = 26484FE5280736AB00002EE3 /* ZeroSeparatorInsetTableViewCell.swift */; };
		26484FE8280736B800002EE3 /* BothSidesSeparatorInsetTableViewCell.swift in Sources */ = {isa = PBXBuildFile; fileRef = 26484FE7280736B800002EE3 /* BothSidesSeparatorInsetTableViewCell.swift */; };
		26484FEA280736C700002EE3 /* Indentation1TableViewCell.swift in Sources */ = {isa = PBXBuildFile; fileRef = 26484FE9280736C700002EE3 /* Indentation1TableViewCell.swift */; };
		26484FEC280736CF00002EE3 /* Indentation2TableViewCell.swift in Sources */ = {isa = PBXBuildFile; fileRef = 26484FEB280736CF00002EE3 /* Indentation2TableViewCell.swift */; };
		26484FEE280736EC00002EE3 /* Indentation3TableViewCell.swift in Sources */ = {isa = PBXBuildFile; fileRef = 26484FED280736EC00002EE3 /* Indentation3TableViewCell.swift */; };
		26484FF02807374C00002EE3 /* LeftSideSeparatorInsetTableViewCell.swift in Sources */ = {isa = PBXBuildFile; fileRef = 26484FEF2807374C00002EE3 /* LeftSideSeparatorInsetTableViewCell.swift */; };
		26859E682808876900E233BB /* CollectionHeaderView.swift in Sources */ = {isa = PBXBuildFile; fileRef = 26859E5D2808876900E233BB /* CollectionHeaderView.swift */; };
		26859E692808876900E233BB /* CollectionBadgeView.swift in Sources */ = {isa = PBXBuildFile; fileRef = 26859E5E2808876900E233BB /* CollectionBadgeView.swift */; };
		26859E6A2808876900E233BB /* BigNumberCollectionViewCell.swift in Sources */ = {isa = PBXBuildFile; fileRef = 26859E5F2808876900E233BB /* BigNumberCollectionViewCell.swift */; };
		26859E6B2808876900E233BB /* CollectionViewSectionsViewController.swift in Sources */ = {isa = PBXBuildFile; fileRef = 26859E612808876900E233BB /* CollectionViewSectionsViewController.swift */; };
		26859E6C2808876900E233BB /* CollectionViewPagingViewController.swift in Sources */ = {isa = PBXBuildFile; fileRef = 26859E622808876900E233BB /* CollectionViewPagingViewController.swift */; };
		26859E6D2808876900E233BB /* CollectionViewGridViewController.swift in Sources */ = {isa = PBXBuildFile; fileRef = 26859E632808876900E233BB /* CollectionViewGridViewController.swift */; };
		26859E6E2808876900E233BB /* CollectionViewBadgeViewController.swift in Sources */ = {isa = PBXBuildFile; fileRef = 26859E642808876900E233BB /* CollectionViewBadgeViewController.swift */; };
		26859E6F2808876900E233BB /* CollectionViewMenuItem.swift in Sources */ = {isa = PBXBuildFile; fileRef = 26859E662808876900E233BB /* CollectionViewMenuItem.swift */; };
		26859E702808876900E233BB /* CollectionViewMenuViewController.swift in Sources */ = {isa = PBXBuildFile; fileRef = 26859E672808876900E233BB /* CollectionViewMenuViewController.swift */; };
		268AEF5828091E2B006E8838 /* PageSheetWithDelegateTransitionViewController.swift in Sources */ = {isa = PBXBuildFile; fileRef = 268AEF4B28091E2B006E8838 /* PageSheetWithDelegateTransitionViewController.swift */; };
		268AEF5B28091E2B006E8838 /* FullScreenPartialCurlTransitionViewController.swift in Sources */ = {isa = PBXBuildFile; fileRef = 268AEF4E28091E2B006E8838 /* FullScreenPartialCurlTransitionViewController.swift */; };
		268AEF5E28091E2B006E8838 /* TransitionsMenuViewController.swift in Sources */ = {isa = PBXBuildFile; fileRef = 268AEF5228091E2B006E8838 /* TransitionsMenuViewController.swift */; };
		268AEF5F28091E2B006E8838 /* TransitionsMenuItem.swift in Sources */ = {isa = PBXBuildFile; fileRef = 268AEF5328091E2B006E8838 /* TransitionsMenuItem.swift */; };
		268AEF61280920CE006E8838 /* SingleLabelViewController.swift in Sources */ = {isa = PBXBuildFile; fileRef = 268AEF60280920CE006E8838 /* SingleLabelViewController.swift */; };
		26B430F027E1154800F00210 /* Assets.xcassets in Resources */ = {isa = PBXBuildFile; fileRef = 26B430EF27E1154800F00210 /* Assets.xcassets */; };
		26B430F327E1154800F00210 /* LaunchScreen.storyboard in Resources */ = {isa = PBXBuildFile; fileRef = 26B430F127E1154800F00210 /* LaunchScreen.storyboard */; };
		26B4310D27E11E1600F00210 /* MenuItemProtocol.swift in Sources */ = {isa = PBXBuildFile; fileRef = 26B430FF27E11E1600F00210 /* MenuItemProtocol.swift */; };
		26B4310E27E11E1600F00210 /* MenuCell.swift in Sources */ = {isa = PBXBuildFile; fileRef = 26B4310027E11E1600F00210 /* MenuCell.swift */; };
		26B4310F27E11E1600F00210 /* MenuViewController.swift in Sources */ = {isa = PBXBuildFile; fileRef = 26B4310127E11E1600F00210 /* MenuViewController.swift */; };
		26B4311027E11E1600F00210 /* BaseViewController.swift in Sources */ = {isa = PBXBuildFile; fileRef = 26B4310327E11E1600F00210 /* BaseViewController.swift */; };
		26B4311127E11E1600F00210 /* AllControlsViewController.swift in Sources */ = {isa = PBXBuildFile; fileRef = 26B4310627E11E1600F00210 /* AllControlsViewController.swift */; };
		26B4311227E11E1600F00210 /* MainMenuItem.swift in Sources */ = {isa = PBXBuildFile; fileRef = 26B4310827E11E1600F00210 /* MainMenuItem.swift */; };
		26B4311327E11E1600F00210 /* MainMenuViewController.swift in Sources */ = {isa = PBXBuildFile; fileRef = 26B4310927E11E1600F00210 /* MainMenuViewController.swift */; };
		26B4311427E11E1600F00210 /* AppDelegate.swift in Sources */ = {isa = PBXBuildFile; fileRef = 26B4310B27E11E1600F00210 /* AppDelegate.swift */; };
		26B4311527E11E1600F00210 /* SceneDelegate.swift in Sources */ = {isa = PBXBuildFile; fileRef = 26B4310C27E11E1600F00210 /* SceneDelegate.swift */; };
		26BBDB0D2801F1CB009647A3 /* KeyboardHelper.swift in Sources */ = {isa = PBXBuildFile; fileRef = 26BBDB0C2801F1CB009647A3 /* KeyboardHelper.swift */; };
		26DBD4212801DE6D00BF2FCA /* StackViewController.swift in Sources */ = {isa = PBXBuildFile; fileRef = 26DBD4202801DE6D00BF2FCA /* StackViewController.swift */; };
		26ED8F442809675E00D03738 /* TableViewEditingMenuItem.swift in Sources */ = {isa = PBXBuildFile; fileRef = 26ED8F432809675E00D03738 /* TableViewEditingMenuItem.swift */; };
		26ED8F462809676500D03738 /* TableViewEditingMenuViewController.swift in Sources */ = {isa = PBXBuildFile; fileRef = 26ED8F452809676500D03738 /* TableViewEditingMenuViewController.swift */; };
		26ED8F482809683000D03738 /* TableViewSwipeActionsViewController.swift in Sources */ = {isa = PBXBuildFile; fileRef = 26ED8F472809683000D03738 /* TableViewSwipeActionsViewController.swift */; };
		26ED8F4A280978FA00D03738 /* TableViewAddAndDeleteViewController.swift in Sources */ = {isa = PBXBuildFile; fileRef = 26ED8F49280978FA00D03738 /* TableViewAddAndDeleteViewController.swift */; };
		26ED8F8C2809860400D03738 /* TableViewReorderViewController.swift in Sources */ = {isa = PBXBuildFile; fileRef = 26ED8F8B2809860400D03738 /* TableViewReorderViewController.swift */; };
/* End PBXBuildFile section */

/* Begin PBXFileReference section */
		2606823727EE140E00B641B2 /* ButtonClicksCounter.swift */ = {isa = PBXFileReference; lastKnownFileType = sourcecode.swift; path = ButtonClicksCounter.swift; sourceTree = "<group>"; };
		2606823A27EE161400B641B2 /* AllControlsButtonView.swift */ = {isa = PBXFileReference; lastKnownFileType = sourcecode.swift; path = AllControlsButtonView.swift; sourceTree = "<group>"; };
		2606823D27EE163000B641B2 /* AllControlsBaseView.swift */ = {isa = PBXFileReference; lastKnownFileType = sourcecode.swift; path = AllControlsBaseView.swift; sourceTree = "<group>"; };
		2606823F27EE3B3E00B641B2 /* AllControlsSwitchView.swift */ = {isa = PBXFileReference; lastKnownFileType = sourcecode.swift; path = AllControlsSwitchView.swift; sourceTree = "<group>"; };
		2606824127EE3D4900B641B2 /* AllControlsSegmentedControlView.swift */ = {isa = PBXFileReference; lastKnownFileType = sourcecode.swift; path = AllControlsSegmentedControlView.swift; sourceTree = "<group>"; };
		2606824327EE3D5C00B641B2 /* AllControlsTextFieldView.swift */ = {isa = PBXFileReference; lastKnownFileType = sourcecode.swift; path = AllControlsTextFieldView.swift; sourceTree = "<group>"; };
		2606824527EE3D6C00B641B2 /* AllControlsStepperView.swift */ = {isa = PBXFileReference; lastKnownFileType = sourcecode.swift; path = AllControlsStepperView.swift; sourceTree = "<group>"; };
		2606824727EE3D7B00B641B2 /* AllControlsSliderView.swift */ = {isa = PBXFileReference; lastKnownFileType = sourcecode.swift; path = AllControlsSliderView.swift; sourceTree = "<group>"; };
		2606824927EE3D8A00B641B2 /* AllControlsActivityIndicatorView.swift */ = {isa = PBXFileReference; lastKnownFileType = sourcecode.swift; path = AllControlsActivityIndicatorView.swift; sourceTree = "<group>"; };
		2606824B27EE3D9700B641B2 /* AllControlsProgressView.swift */ = {isa = PBXFileReference; lastKnownFileType = sourcecode.swift; path = AllControlsProgressView.swift; sourceTree = "<group>"; };
		2606824D27EE3DA000B641B2 /* AllControlsPageControlView.swift */ = {isa = PBXFileReference; lastKnownFileType = sourcecode.swift; path = AllControlsPageControlView.swift; sourceTree = "<group>"; };
		2606825227F0728100B641B2 /* LabelMenuViewController.swift */ = {isa = PBXFileReference; lastKnownFileType = sourcecode.swift; path = LabelMenuViewController.swift; sourceTree = "<group>"; };
		2606825427F0728800B641B2 /* LabelMenuItem.swift */ = {isa = PBXFileReference; lastKnownFileType = sourcecode.swift; path = LabelMenuItem.swift; sourceTree = "<group>"; };
		2606825627F072F900B641B2 /* FontSizesViewController.swift */ = {isa = PBXFileReference; lastKnownFileType = sourcecode.swift; path = FontSizesViewController.swift; sourceTree = "<group>"; };
		2606825827F0731500B641B2 /* FontWeightsViewController.swift */ = {isa = PBXFileReference; lastKnownFileType = sourcecode.swift; path = FontWeightsViewController.swift; sourceTree = "<group>"; };
		2606825A27F0731F00B641B2 /* TextStylesViewController.swift */ = {isa = PBXFileReference; lastKnownFileType = sourcecode.swift; path = TextStylesViewController.swift; sourceTree = "<group>"; };
		2620622727F32AE000FD0CF3 /* ButtonMenuViewController.swift */ = {isa = PBXFileReference; fileEncoding = 4; lastKnownFileType = sourcecode.swift; path = ButtonMenuViewController.swift; sourceTree = "<group>"; };
		2620622827F32AE000FD0CF3 /* ButtonMenuItem.swift */ = {isa = PBXFileReference; fileEncoding = 4; lastKnownFileType = sourcecode.swift; path = ButtonMenuItem.swift; sourceTree = "<group>"; };
		2620622A27F32AE000FD0CF3 /* ButtonToggleViewController.swift */ = {isa = PBXFileReference; fileEncoding = 4; lastKnownFileType = sourcecode.swift; path = ButtonToggleViewController.swift; sourceTree = "<group>"; };
		2620622B27F32AE000FD0CF3 /* ButtonSystemSizesViewController.swift */ = {isa = PBXFileReference; fileEncoding = 4; lastKnownFileType = sourcecode.swift; path = ButtonSystemSizesViewController.swift; sourceTree = "<group>"; };
		2620622C27F32AE000FD0CF3 /* ButtonImagePlacementViewController.swift */ = {isa = PBXFileReference; fileEncoding = 4; lastKnownFileType = sourcecode.swift; path = ButtonImagePlacementViewController.swift; sourceTree = "<group>"; };
		2620622D27F32AE000FD0CF3 /* ButtonCornerStyleViewController.swift */ = {isa = PBXFileReference; fileEncoding = 4; lastKnownFileType = sourcecode.swift; path = ButtonCornerStyleViewController.swift; sourceTree = "<group>"; };
		2620622E27F32AE000FD0CF3 /* ButtonStylesViewController.swift */ = {isa = PBXFileReference; fileEncoding = 4; lastKnownFileType = sourcecode.swift; path = ButtonStylesViewController.swift; sourceTree = "<group>"; };
		2620622F27F32AE000FD0CF3 /* OtherButtonsViewController.swift */ = {isa = PBXFileReference; fileEncoding = 4; lastKnownFileType = sourcecode.swift; path = OtherButtonsViewController.swift; sourceTree = "<group>"; };
		2631535C28030F9800939451 /* TextFieldBorderStyleViewController.swift */ = {isa = PBXFileReference; fileEncoding = 4; lastKnownFileType = sourcecode.swift; path = TextFieldBorderStyleViewController.swift; sourceTree = "<group>"; };
		2631535E28030F9800939451 /* TextFieldKeyboardTypeViewController.swift */ = {isa = PBXFileReference; fileEncoding = 4; lastKnownFileType = sourcecode.swift; path = TextFieldKeyboardTypeViewController.swift; sourceTree = "<group>"; };
		2631535F28030F9800939451 /* TextFieldTraitsViewController.swift */ = {isa = PBXFileReference; fileEncoding = 4; lastKnownFileType = sourcecode.swift; path = TextFieldTraitsViewController.swift; sourceTree = "<group>"; };
		2631536028030F9800939451 /* TextFieldClearButtonViewController.swift */ = {isa = PBXFileReference; fileEncoding = 4; lastKnownFileType = sourcecode.swift; path = TextFieldClearButtonViewController.swift; sourceTree = "<group>"; };
		2631536128030F9800939451 /* TextFieldReturnKeyTypeViewController.swift */ = {isa = PBXFileReference; fileEncoding = 4; lastKnownFileType = sourcecode.swift; path = TextFieldReturnKeyTypeViewController.swift; sourceTree = "<group>"; };
		2631536228030F9800939451 /* TextFieldDisabledViewController.swift */ = {isa = PBXFileReference; fileEncoding = 4; lastKnownFileType = sourcecode.swift; path = TextFieldDisabledViewController.swift; sourceTree = "<group>"; };
		2631536428030F9800939451 /* BaseTextFieldViewController.swift */ = {isa = PBXFileReference; fileEncoding = 4; lastKnownFileType = sourcecode.swift; path = BaseTextFieldViewController.swift; sourceTree = "<group>"; };
		2631536628030F9800939451 /* TextFieldMenuViewController.swift */ = {isa = PBXFileReference; fileEncoding = 4; lastKnownFileType = sourcecode.swift; path = TextFieldMenuViewController.swift; sourceTree = "<group>"; };
		2631536728030F9800939451 /* TextFieldMenuItem.swift */ = {isa = PBXFileReference; fileEncoding = 4; lastKnownFileType = sourcecode.swift; path = TextFieldMenuItem.swift; sourceTree = "<group>"; };
		263153722803327900939451 /* TextFieldPasswordViewController.swift */ = {isa = PBXFileReference; lastKnownFileType = sourcecode.swift; path = TextFieldPasswordViewController.swift; sourceTree = "<group>"; };
		263153742803329600939451 /* TextFieldAlignmentViewController.swift */ = {isa = PBXFileReference; lastKnownFileType = sourcecode.swift; path = TextFieldAlignmentViewController.swift; sourceTree = "<group>"; };
		2631537E2803392300939451 /* TextViewMenuItem.swift */ = {isa = PBXFileReference; lastKnownFileType = sourcecode.swift; path = TextViewMenuItem.swift; sourceTree = "<group>"; };
		263153802803392A00939451 /* TextViewMenuViewController.swift */ = {isa = PBXFileReference; lastKnownFileType = sourcecode.swift; path = TextViewMenuViewController.swift; sourceTree = "<group>"; };
		263153822803394200939451 /* TextViewDataDetectorsViewController.swift */ = {isa = PBXFileReference; lastKnownFileType = sourcecode.swift; path = TextViewDataDetectorsViewController.swift; sourceTree = "<group>"; };
		263153842803394A00939451 /* TextViewEditableViewController.swift */ = {isa = PBXFileReference; lastKnownFileType = sourcecode.swift; path = TextViewEditableViewController.swift; sourceTree = "<group>"; };
		263153862803395300939451 /* TextViewNonEditableViewController.swift */ = {isa = PBXFileReference; lastKnownFileType = sourcecode.swift; path = TextViewNonEditableViewController.swift; sourceTree = "<group>"; };
		263153882803395900939451 /* TextViewNonEditableNonSelectableViewController.swift */ = {isa = PBXFileReference; lastKnownFileType = sourcecode.swift; path = TextViewNonEditableNonSelectableViewController.swift; sourceTree = "<group>"; };
		2631538B28033B8800939451 /* mockLongText.txt */ = {isa = PBXFileReference; fileEncoding = 4; lastKnownFileType = text; path = mockLongText.txt; sourceTree = "<group>"; };
		2631538D28033BB400939451 /* MockDataLoader.swift */ = {isa = PBXFileReference; lastKnownFileType = sourcecode.swift; path = MockDataLoader.swift; sourceTree = "<group>"; };
		2631538F280340E000939451 /* mockDataDetectorsText.txt */ = {isa = PBXFileReference; lastKnownFileType = text; path = mockDataDetectorsText.txt; sourceTree = "<group>"; };
		26484F622806CBEE00002EE3 /* ScrollViewHorizontalViewController.swift */ = {isa = PBXFileReference; fileEncoding = 4; lastKnownFileType = sourcecode.swift; path = ScrollViewHorizontalViewController.swift; sourceTree = "<group>"; };
		26484F632806CBEE00002EE3 /* ScrollViewVerticalViewController.swift */ = {isa = PBXFileReference; fileEncoding = 4; lastKnownFileType = sourcecode.swift; path = ScrollViewVerticalViewController.swift; sourceTree = "<group>"; };
		26484F642806CBEE00002EE3 /* ScrollViewTwoDirectionsViewController.swift */ = {isa = PBXFileReference; fileEncoding = 4; lastKnownFileType = sourcecode.swift; path = ScrollViewTwoDirectionsViewController.swift; sourceTree = "<group>"; };
		26484F662806CBEE00002EE3 /* ScrollViewMenuItem.swift */ = {isa = PBXFileReference; fileEncoding = 4; lastKnownFileType = sourcecode.swift; path = ScrollViewMenuItem.swift; sourceTree = "<group>"; };
		26484F672806CBEE00002EE3 /* ScrollViewMenuViewController.swift */ = {isa = PBXFileReference; fileEncoding = 4; lastKnownFileType = sourcecode.swift; path = ScrollViewMenuViewController.swift; sourceTree = "<group>"; };
		26484F7028070C5B00002EE3 /* TableViewSectionIndexViewController.swift */ = {isa = PBXFileReference; fileEncoding = 4; lastKnownFileType = sourcecode.swift; path = TableViewSectionIndexViewController.swift; sourceTree = "<group>"; };
		26484F7128070C5B00002EE3 /* TableViewSectionIndexViewModel.swift */ = {isa = PBXFileReference; fileEncoding = 4; lastKnownFileType = sourcecode.swift; path = TableViewSectionIndexViewModel.swift; sourceTree = "<group>"; };
		26484F7328070C5B00002EE3 /* TableViewHeadersAndFoottersViewController.swift */ = {isa = PBXFileReference; fileEncoding = 4; lastKnownFileType = sourcecode.swift; path = TableViewHeadersAndFoottersViewController.swift; sourceTree = "<group>"; };
		26484F7628070C5B00002EE3 /* TableViewSectionHeaderView.swift */ = {isa = PBXFileReference; fileEncoding = 4; lastKnownFileType = sourcecode.swift; path = TableViewSectionHeaderView.swift; sourceTree = "<group>"; };
		26484F7928070C5B00002EE3 /* TableViewStyleInsetGroupedViewController.swift */ = {isa = PBXFileReference; fileEncoding = 4; lastKnownFileType = sourcecode.swift; path = TableViewStyleInsetGroupedViewController.swift; sourceTree = "<group>"; };
		26484F7A28070C5B00002EE3 /* TableViewStyleGroupedViewController.swift */ = {isa = PBXFileReference; fileEncoding = 4; lastKnownFileType = sourcecode.swift; path = TableViewStyleGroupedViewController.swift; sourceTree = "<group>"; };
		26484F7B28070C5B00002EE3 /* TableViewStylePlainViewController.swift */ = {isa = PBXFileReference; fileEncoding = 4; lastKnownFileType = sourcecode.swift; path = TableViewStylePlainViewController.swift; sourceTree = "<group>"; };
		26484F7D28070C5B00002EE3 /* TableViewStyleMenuItem.swift */ = {isa = PBXFileReference; fileEncoding = 4; lastKnownFileType = sourcecode.swift; path = TableViewStyleMenuItem.swift; sourceTree = "<group>"; };
		26484F7E28070C5B00002EE3 /* TableViewStyleMenuViewController.swift */ = {isa = PBXFileReference; fileEncoding = 4; lastKnownFileType = sourcecode.swift; path = TableViewStyleMenuViewController.swift; sourceTree = "<group>"; };
		26484F8228070C5B00002EE3 /* TableViewSeparatorStyleNoneViewController.swift */ = {isa = PBXFileReference; fileEncoding = 4; lastKnownFileType = sourcecode.swift; path = TableViewSeparatorStyleNoneViewController.swift; sourceTree = "<group>"; };
		26484F8328070C5B00002EE3 /* TableViewSeparatorStyleLineViewController.swift */ = {isa = PBXFileReference; fileEncoding = 4; lastKnownFileType = sourcecode.swift; path = TableViewSeparatorStyleLineViewController.swift; sourceTree = "<group>"; };
		26484F8528070C5B00002EE3 /* TableViewSeparatorStyleMenuItem.swift */ = {isa = PBXFileReference; fileEncoding = 4; lastKnownFileType = sourcecode.swift; path = TableViewSeparatorStyleMenuItem.swift; sourceTree = "<group>"; };
		26484F8628070C5B00002EE3 /* TableViewSeparatorStyleMenuViewController.swift */ = {isa = PBXFileReference; fileEncoding = 4; lastKnownFileType = sourcecode.swift; path = TableViewSeparatorStyleMenuViewController.swift; sourceTree = "<group>"; };
		26484F8928070C5B00002EE3 /* CellStyleBodyViewController.swift */ = {isa = PBXFileReference; fileEncoding = 4; lastKnownFileType = sourcecode.swift; path = CellStyleBodyViewController.swift; sourceTree = "<group>"; };
		26484F8A28070C5B00002EE3 /* CellStyleLongTextViewController.swift */ = {isa = PBXFileReference; fileEncoding = 4; lastKnownFileType = sourcecode.swift; path = CellStyleLongTextViewController.swift; sourceTree = "<group>"; };
		26484F8B28070C5B00002EE3 /* CellStyleDefaultFontViewController.swift */ = {isa = PBXFileReference; fileEncoding = 4; lastKnownFileType = sourcecode.swift; path = CellStyleDefaultFontViewController.swift; sourceTree = "<group>"; };
		26484F8C28070C5B00002EE3 /* CellStyleTitle3ViewController.swift */ = {isa = PBXFileReference; fileEncoding = 4; lastKnownFileType = sourcecode.swift; path = CellStyleTitle3ViewController.swift; sourceTree = "<group>"; };
		26484F8E28070C5B00002EE3 /* CellStyleSection.swift */ = {isa = PBXFileReference; fileEncoding = 4; lastKnownFileType = sourcecode.swift; path = CellStyleSection.swift; sourceTree = "<group>"; };
		26484F8F28070C5B00002EE3 /* CellStyleBaseViewController.swift */ = {isa = PBXFileReference; fileEncoding = 4; lastKnownFileType = sourcecode.swift; path = CellStyleBaseViewController.swift; sourceTree = "<group>"; };
		26484F9128070C5B00002EE3 /* CellStyleMenuViewController.swift */ = {isa = PBXFileReference; fileEncoding = 4; lastKnownFileType = sourcecode.swift; path = CellStyleMenuViewController.swift; sourceTree = "<group>"; };
		26484F9228070C5B00002EE3 /* CellStyleMenuItem.swift */ = {isa = PBXFileReference; fileEncoding = 4; lastKnownFileType = sourcecode.swift; path = CellStyleMenuItem.swift; sourceTree = "<group>"; };
		26484F9428070C5B00002EE3 /* CellSelectionStyleViewController.swift */ = {isa = PBXFileReference; fileEncoding = 4; lastKnownFileType = sourcecode.swift; path = CellSelectionStyleViewController.swift; sourceTree = "<group>"; };
		26484F9528070C5B00002EE3 /* CellSelectionStyleItem.swift */ = {isa = PBXFileReference; fileEncoding = 4; lastKnownFileType = sourcecode.swift; path = CellSelectionStyleItem.swift; sourceTree = "<group>"; };
		26484F9828070C5B00002EE3 /* TableViewSelectionMultipleViewController.swift */ = {isa = PBXFileReference; fileEncoding = 4; lastKnownFileType = sourcecode.swift; path = TableViewSelectionMultipleViewController.swift; sourceTree = "<group>"; };
		26484F9928070C5B00002EE3 /* TableViewSelectionSingleViewController.swift */ = {isa = PBXFileReference; fileEncoding = 4; lastKnownFileType = sourcecode.swift; path = TableViewSelectionSingleViewController.swift; sourceTree = "<group>"; };
		26484F9A28070C5B00002EE3 /* TableViewSelectionWithDeselectViewController.swift */ = {isa = PBXFileReference; fileEncoding = 4; lastKnownFileType = sourcecode.swift; path = TableViewSelectionWithDeselectViewController.swift; sourceTree = "<group>"; };
		26484F9C28070C5B00002EE3 /* TableViewSelectionMenuViewController.swift */ = {isa = PBXFileReference; fileEncoding = 4; lastKnownFileType = sourcecode.swift; path = TableViewSelectionMenuViewController.swift; sourceTree = "<group>"; };
		26484F9D28070C5B00002EE3 /* TableViewSelectionMenuItem.swift */ = {isa = PBXFileReference; fileEncoding = 4; lastKnownFileType = sourcecode.swift; path = TableViewSelectionMenuItem.swift; sourceTree = "<group>"; };
		26484F9F28070C5B00002EE3 /* CellSeparatorInsetsSection.swift */ = {isa = PBXFileReference; fileEncoding = 4; lastKnownFileType = sourcecode.swift; path = CellSeparatorInsetsSection.swift; sourceTree = "<group>"; };
		26484FA028070C5B00002EE3 /* CellSeparatorInsetsViewController.swift */ = {isa = PBXFileReference; fileEncoding = 4; lastKnownFileType = sourcecode.swift; path = CellSeparatorInsetsViewController.swift; sourceTree = "<group>"; };
		26484FA228070C5B00002EE3 /* SimpleTableViewController.swift */ = {isa = PBXFileReference; fileEncoding = 4; lastKnownFileType = sourcecode.swift; path = SimpleTableViewController.swift; sourceTree = "<group>"; };
		26484FA428070C5B00002EE3 /* CellAccessoryTypeItem.swift */ = {isa = PBXFileReference; fileEncoding = 4; lastKnownFileType = sourcecode.swift; path = CellAccessoryTypeItem.swift; sourceTree = "<group>"; };
		26484FA528070C5B00002EE3 /* CellAccessoryTypeViewController.swift */ = {isa = PBXFileReference; fileEncoding = 4; lastKnownFileType = sourcecode.swift; path = CellAccessoryTypeViewController.swift; sourceTree = "<group>"; };
		26484FA728070C5B00002EE3 /* TableViewMenuViewController.swift */ = {isa = PBXFileReference; fileEncoding = 4; lastKnownFileType = sourcecode.swift; path = TableViewMenuViewController.swift; sourceTree = "<group>"; };
		26484FA828070C5B00002EE3 /* TableViewMenuItem.swift */ = {isa = PBXFileReference; fileEncoding = 4; lastKnownFileType = sourcecode.swift; path = TableViewMenuItem.swift; sourceTree = "<group>"; };
		26484FCE28070CE100002EE3 /* SimpleTableViewCell.swift */ = {isa = PBXFileReference; lastKnownFileType = sourcecode.swift; path = SimpleTableViewCell.swift; sourceTree = "<group>"; };
		26484FD0280719FB00002EE3 /* personData.json */ = {isa = PBXFileReference; fileEncoding = 4; lastKnownFileType = text.json; path = personData.json; sourceTree = "<group>"; };
		26484FD328071A5F00002EE3 /* Person.swift */ = {isa = PBXFileReference; fileEncoding = 4; lastKnownFileType = sourcecode.swift; path = Person.swift; sourceTree = "<group>"; };
		26484FDA2807225400002EE3 /* DefaultStyleTableViewCell.swift */ = {isa = PBXFileReference; lastKnownFileType = sourcecode.swift; path = DefaultStyleTableViewCell.swift; sourceTree = "<group>"; };
		26484FDC2807226900002EE3 /* Value1StyleTableViewCell.swift */ = {isa = PBXFileReference; lastKnownFileType = sourcecode.swift; path = Value1StyleTableViewCell.swift; sourceTree = "<group>"; };
		26484FDE2807228800002EE3 /* Value2StyleTableViewCell.swift */ = {isa = PBXFileReference; lastKnownFileType = sourcecode.swift; path = Value2StyleTableViewCell.swift; sourceTree = "<group>"; };
		26484FE02807229F00002EE3 /* SubtitleStyleTableViewCell.swift */ = {isa = PBXFileReference; lastKnownFileType = sourcecode.swift; path = SubtitleStyleTableViewCell.swift; sourceTree = "<group>"; };
		26484FE32807369A00002EE3 /* DefaultSeparatorInsetTableViewCell.swift */ = {isa = PBXFileReference; lastKnownFileType = sourcecode.swift; path = DefaultSeparatorInsetTableViewCell.swift; sourceTree = "<group>"; };
		26484FE5280736AB00002EE3 /* ZeroSeparatorInsetTableViewCell.swift */ = {isa = PBXFileReference; lastKnownFileType = sourcecode.swift; path = ZeroSeparatorInsetTableViewCell.swift; sourceTree = "<group>"; };
		26484FE7280736B800002EE3 /* BothSidesSeparatorInsetTableViewCell.swift */ = {isa = PBXFileReference; lastKnownFileType = sourcecode.swift; path = BothSidesSeparatorInsetTableViewCell.swift; sourceTree = "<group>"; };
		26484FE9280736C700002EE3 /* Indentation1TableViewCell.swift */ = {isa = PBXFileReference; lastKnownFileType = sourcecode.swift; path = Indentation1TableViewCell.swift; sourceTree = "<group>"; };
		26484FEB280736CF00002EE3 /* Indentation2TableViewCell.swift */ = {isa = PBXFileReference; lastKnownFileType = sourcecode.swift; path = Indentation2TableViewCell.swift; sourceTree = "<group>"; };
		26484FED280736EC00002EE3 /* Indentation3TableViewCell.swift */ = {isa = PBXFileReference; lastKnownFileType = sourcecode.swift; path = Indentation3TableViewCell.swift; sourceTree = "<group>"; };
		26484FEF2807374C00002EE3 /* LeftSideSeparatorInsetTableViewCell.swift */ = {isa = PBXFileReference; lastKnownFileType = sourcecode.swift; path = LeftSideSeparatorInsetTableViewCell.swift; sourceTree = "<group>"; };
		26859E5D2808876900E233BB /* CollectionHeaderView.swift */ = {isa = PBXFileReference; fileEncoding = 4; lastKnownFileType = sourcecode.swift; path = CollectionHeaderView.swift; sourceTree = "<group>"; };
		26859E5E2808876900E233BB /* CollectionBadgeView.swift */ = {isa = PBXFileReference; fileEncoding = 4; lastKnownFileType = sourcecode.swift; path = CollectionBadgeView.swift; sourceTree = "<group>"; };
		26859E5F2808876900E233BB /* BigNumberCollectionViewCell.swift */ = {isa = PBXFileReference; fileEncoding = 4; lastKnownFileType = sourcecode.swift; path = BigNumberCollectionViewCell.swift; sourceTree = "<group>"; };
		26859E612808876900E233BB /* CollectionViewSectionsViewController.swift */ = {isa = PBXFileReference; fileEncoding = 4; lastKnownFileType = sourcecode.swift; path = CollectionViewSectionsViewController.swift; sourceTree = "<group>"; };
		26859E622808876900E233BB /* CollectionViewPagingViewController.swift */ = {isa = PBXFileReference; fileEncoding = 4; lastKnownFileType = sourcecode.swift; path = CollectionViewPagingViewController.swift; sourceTree = "<group>"; };
		26859E632808876900E233BB /* CollectionViewGridViewController.swift */ = {isa = PBXFileReference; fileEncoding = 4; lastKnownFileType = sourcecode.swift; path = CollectionViewGridViewController.swift; sourceTree = "<group>"; };
		26859E642808876900E233BB /* CollectionViewBadgeViewController.swift */ = {isa = PBXFileReference; fileEncoding = 4; lastKnownFileType = sourcecode.swift; path = CollectionViewBadgeViewController.swift; sourceTree = "<group>"; };
		26859E662808876900E233BB /* CollectionViewMenuItem.swift */ = {isa = PBXFileReference; fileEncoding = 4; lastKnownFileType = sourcecode.swift; path = CollectionViewMenuItem.swift; sourceTree = "<group>"; };
		26859E672808876900E233BB /* CollectionViewMenuViewController.swift */ = {isa = PBXFileReference; fileEncoding = 4; lastKnownFileType = sourcecode.swift; path = CollectionViewMenuViewController.swift; sourceTree = "<group>"; };
		268AEF4B28091E2B006E8838 /* PageSheetWithDelegateTransitionViewController.swift */ = {isa = PBXFileReference; fileEncoding = 4; lastKnownFileType = sourcecode.swift; path = PageSheetWithDelegateTransitionViewController.swift; sourceTree = "<group>"; };
		268AEF4E28091E2B006E8838 /* FullScreenPartialCurlTransitionViewController.swift */ = {isa = PBXFileReference; fileEncoding = 4; lastKnownFileType = sourcecode.swift; path = FullScreenPartialCurlTransitionViewController.swift; sourceTree = "<group>"; };
		268AEF5228091E2B006E8838 /* TransitionsMenuViewController.swift */ = {isa = PBXFileReference; fileEncoding = 4; lastKnownFileType = sourcecode.swift; path = TransitionsMenuViewController.swift; sourceTree = "<group>"; };
		268AEF5328091E2B006E8838 /* TransitionsMenuItem.swift */ = {isa = PBXFileReference; fileEncoding = 4; lastKnownFileType = sourcecode.swift; path = TransitionsMenuItem.swift; sourceTree = "<group>"; };
		268AEF60280920CE006E8838 /* SingleLabelViewController.swift */ = {isa = PBXFileReference; lastKnownFileType = sourcecode.swift; path = SingleLabelViewController.swift; sourceTree = "<group>"; };
		26B430E327E1154800F00210 /* UIKit-Swift.app */ = {isa = PBXFileReference; explicitFileType = wrapper.application; includeInIndex = 0; path = "UIKit-Swift.app"; sourceTree = BUILT_PRODUCTS_DIR; };
		26B430EF27E1154800F00210 /* Assets.xcassets */ = {isa = PBXFileReference; lastKnownFileType = folder.assetcatalog; path = Assets.xcassets; sourceTree = "<group>"; };
		26B430F227E1154800F00210 /* Base */ = {isa = PBXFileReference; lastKnownFileType = file.storyboard; name = Base; path = Base.lproj/LaunchScreen.storyboard; sourceTree = "<group>"; };
		26B430F427E1154800F00210 /* Info.plist */ = {isa = PBXFileReference; lastKnownFileType = text.plist.xml; path = Info.plist; sourceTree = "<group>"; };
		26B430FF27E11E1600F00210 /* MenuItemProtocol.swift */ = {isa = PBXFileReference; fileEncoding = 4; lastKnownFileType = sourcecode.swift; path = MenuItemProtocol.swift; sourceTree = "<group>"; };
		26B4310027E11E1600F00210 /* MenuCell.swift */ = {isa = PBXFileReference; fileEncoding = 4; lastKnownFileType = sourcecode.swift; path = MenuCell.swift; sourceTree = "<group>"; };
		26B4310127E11E1600F00210 /* MenuViewController.swift */ = {isa = PBXFileReference; fileEncoding = 4; lastKnownFileType = sourcecode.swift; path = MenuViewController.swift; sourceTree = "<group>"; };
		26B4310327E11E1600F00210 /* BaseViewController.swift */ = {isa = PBXFileReference; fileEncoding = 4; lastKnownFileType = sourcecode.swift; path = BaseViewController.swift; sourceTree = "<group>"; };
		26B4310627E11E1600F00210 /* AllControlsViewController.swift */ = {isa = PBXFileReference; fileEncoding = 4; lastKnownFileType = sourcecode.swift; path = AllControlsViewController.swift; sourceTree = "<group>"; };
		26B4310827E11E1600F00210 /* MainMenuItem.swift */ = {isa = PBXFileReference; fileEncoding = 4; lastKnownFileType = sourcecode.swift; path = MainMenuItem.swift; sourceTree = "<group>"; };
		26B4310927E11E1600F00210 /* MainMenuViewController.swift */ = {isa = PBXFileReference; fileEncoding = 4; lastKnownFileType = sourcecode.swift; path = MainMenuViewController.swift; sourceTree = "<group>"; };
		26B4310B27E11E1600F00210 /* AppDelegate.swift */ = {isa = PBXFileReference; fileEncoding = 4; lastKnownFileType = sourcecode.swift; path = AppDelegate.swift; sourceTree = "<group>"; };
		26B4310C27E11E1600F00210 /* SceneDelegate.swift */ = {isa = PBXFileReference; fileEncoding = 4; lastKnownFileType = sourcecode.swift; path = SceneDelegate.swift; sourceTree = "<group>"; };
		26BBDB0C2801F1CB009647A3 /* KeyboardHelper.swift */ = {isa = PBXFileReference; lastKnownFileType = sourcecode.swift; path = KeyboardHelper.swift; sourceTree = "<group>"; };
		26DBD4202801DE6D00BF2FCA /* StackViewController.swift */ = {isa = PBXFileReference; lastKnownFileType = sourcecode.swift; path = StackViewController.swift; sourceTree = "<group>"; };
		26ED8F432809675E00D03738 /* TableViewEditingMenuItem.swift */ = {isa = PBXFileReference; lastKnownFileType = sourcecode.swift; path = TableViewEditingMenuItem.swift; sourceTree = "<group>"; };
		26ED8F452809676500D03738 /* TableViewEditingMenuViewController.swift */ = {isa = PBXFileReference; lastKnownFileType = sourcecode.swift; path = TableViewEditingMenuViewController.swift; sourceTree = "<group>"; };
		26ED8F472809683000D03738 /* TableViewSwipeActionsViewController.swift */ = {isa = PBXFileReference; lastKnownFileType = sourcecode.swift; path = TableViewSwipeActionsViewController.swift; sourceTree = "<group>"; };
		26ED8F49280978FA00D03738 /* TableViewAddAndDeleteViewController.swift */ = {isa = PBXFileReference; lastKnownFileType = sourcecode.swift; path = TableViewAddAndDeleteViewController.swift; sourceTree = "<group>"; };
		26ED8F8B2809860400D03738 /* TableViewReorderViewController.swift */ = {isa = PBXFileReference; lastKnownFileType = sourcecode.swift; path = TableViewReorderViewController.swift; sourceTree = "<group>"; };
/* End PBXFileReference section */

/* Begin PBXFrameworksBuildPhase section */
		26B430E027E1154800F00210 /* Frameworks */ = {
			isa = PBXFrameworksBuildPhase;
			buildActionMask = 2147483647;
			files = (
			);
			runOnlyForDeploymentPostprocessing = 0;
		};
/* End PBXFrameworksBuildPhase section */

/* Begin PBXGroup section */
		2606823527EE140100B641B2 /* Button */ = {
			isa = PBXGroup;
			children = (
				2606823627EE140600B641B2 /* ButtonClicksCounter */,
				2620622627F32AE000FD0CF3 /* Menu */,
				2620622927F32AE000FD0CF3 /* ViewControllers */,
			);
			path = Button;
			sourceTree = "<group>";
		};
		2606823627EE140600B641B2 /* ButtonClicksCounter */ = {
			isa = PBXGroup;
			children = (
				2606823727EE140E00B641B2 /* ButtonClicksCounter.swift */,
			);
			path = ButtonClicksCounter;
			sourceTree = "<group>";
		};
		2606823927EE15E100B641B2 /* Subviews */ = {
			isa = PBXGroup;
			children = (
				2606823C27EE162200B641B2 /* Base view */,
				2606823A27EE161400B641B2 /* AllControlsButtonView.swift */,
				2606823F27EE3B3E00B641B2 /* AllControlsSwitchView.swift */,
				2606824127EE3D4900B641B2 /* AllControlsSegmentedControlView.swift */,
				2606824327EE3D5C00B641B2 /* AllControlsTextFieldView.swift */,
				2606824527EE3D6C00B641B2 /* AllControlsStepperView.swift */,
				2606824727EE3D7B00B641B2 /* AllControlsSliderView.swift */,
				2606824927EE3D8A00B641B2 /* AllControlsActivityIndicatorView.swift */,
				2606824B27EE3D9700B641B2 /* AllControlsProgressView.swift */,
				2606824D27EE3DA000B641B2 /* AllControlsPageControlView.swift */,
			);
			path = Subviews;
			sourceTree = "<group>";
		};
		2606823C27EE162200B641B2 /* Base view */ = {
			isa = PBXGroup;
			children = (
				2606823D27EE163000B641B2 /* AllControlsBaseView.swift */,
			);
			path = "Base view";
			sourceTree = "<group>";
		};
		2606824F27F0725000B641B2 /* Label */ = {
			isa = PBXGroup;
			children = (
				2606825027F0725900B641B2 /* Menu */,
				2606825127F0725D00B641B2 /* ViewControllers */,
			);
			path = Label;
			sourceTree = "<group>";
		};
		2606825027F0725900B641B2 /* Menu */ = {
			isa = PBXGroup;
			children = (
				2606825427F0728800B641B2 /* LabelMenuItem.swift */,
				2606825227F0728100B641B2 /* LabelMenuViewController.swift */,
			);
			path = Menu;
			sourceTree = "<group>";
		};
		2606825127F0725D00B641B2 /* ViewControllers */ = {
			isa = PBXGroup;
			children = (
				2606825627F072F900B641B2 /* FontSizesViewController.swift */,
				2606825827F0731500B641B2 /* FontWeightsViewController.swift */,
				2606825A27F0731F00B641B2 /* TextStylesViewController.swift */,
			);
			path = ViewControllers;
			sourceTree = "<group>";
		};
		2620622627F32AE000FD0CF3 /* Menu */ = {
			isa = PBXGroup;
			children = (
				2620622827F32AE000FD0CF3 /* ButtonMenuItem.swift */,
				2620622727F32AE000FD0CF3 /* ButtonMenuViewController.swift */,
			);
			path = Menu;
			sourceTree = "<group>";
		};
		2620622927F32AE000FD0CF3 /* ViewControllers */ = {
			isa = PBXGroup;
			children = (
				2620622D27F32AE000FD0CF3 /* ButtonCornerStyleViewController.swift */,
				2620622C27F32AE000FD0CF3 /* ButtonImagePlacementViewController.swift */,
				2620622E27F32AE000FD0CF3 /* ButtonStylesViewController.swift */,
				2620622B27F32AE000FD0CF3 /* ButtonSystemSizesViewController.swift */,
				2620622A27F32AE000FD0CF3 /* ButtonToggleViewController.swift */,
				2620622F27F32AE000FD0CF3 /* OtherButtonsViewController.swift */,
			);
			path = ViewControllers;
			sourceTree = "<group>";
		};
		2631535A28030F9800939451 /* TextField */ = {
			isa = PBXGroup;
			children = (
				2631536528030F9800939451 /* Menu */,
				2631535B28030F9800939451 /* ViewControllers */,
			);
			path = TextField;
			sourceTree = "<group>";
		};
		2631535B28030F9800939451 /* ViewControllers */ = {
			isa = PBXGroup;
			children = (
				2631536328030F9800939451 /* Base */,
				263153742803329600939451 /* TextFieldAlignmentViewController.swift */,
				2631535C28030F9800939451 /* TextFieldBorderStyleViewController.swift */,
				2631536028030F9800939451 /* TextFieldClearButtonViewController.swift */,
				2631536228030F9800939451 /* TextFieldDisabledViewController.swift */,
				2631535E28030F9800939451 /* TextFieldKeyboardTypeViewController.swift */,
				263153722803327900939451 /* TextFieldPasswordViewController.swift */,
				2631536128030F9800939451 /* TextFieldReturnKeyTypeViewController.swift */,
				2631535F28030F9800939451 /* TextFieldTraitsViewController.swift */,
			);
			path = ViewControllers;
			sourceTree = "<group>";
		};
		2631536328030F9800939451 /* Base */ = {
			isa = PBXGroup;
			children = (
				2631536428030F9800939451 /* BaseTextFieldViewController.swift */,
			);
			path = Base;
			sourceTree = "<group>";
		};
		2631536528030F9800939451 /* Menu */ = {
			isa = PBXGroup;
			children = (
				2631536728030F9800939451 /* TextFieldMenuItem.swift */,
				2631536628030F9800939451 /* TextFieldMenuViewController.swift */,
			);
			path = Menu;
			sourceTree = "<group>";
		};
		2631537B2803390100939451 /* TextView */ = {
			isa = PBXGroup;
			children = (
				2631537C2803390D00939451 /* Menu */,
				2631537D2803391500939451 /* ViewControllers */,
			);
			path = TextView;
			sourceTree = "<group>";
		};
		2631537C2803390D00939451 /* Menu */ = {
			isa = PBXGroup;
			children = (
				2631537E2803392300939451 /* TextViewMenuItem.swift */,
				263153802803392A00939451 /* TextViewMenuViewController.swift */,
			);
			path = Menu;
			sourceTree = "<group>";
		};
		2631537D2803391500939451 /* ViewControllers */ = {
			isa = PBXGroup;
			children = (
				263153822803394200939451 /* TextViewDataDetectorsViewController.swift */,
				263153842803394A00939451 /* TextViewEditableViewController.swift */,
				263153882803395900939451 /* TextViewNonEditableNonSelectableViewController.swift */,
				263153862803395300939451 /* TextViewNonEditableViewController.swift */,
			);
			path = ViewControllers;
			sourceTree = "<group>";
		};
		2631538A28033B4500939451 /* Mock data */ = {
			isa = PBXGroup;
			children = (
				2631538F280340E000939451 /* mockDataDetectorsText.txt */,
				2631538B28033B8800939451 /* mockLongText.txt */,
				26484FD0280719FB00002EE3 /* personData.json */,
			);
			path = "Mock data";
			sourceTree = "<group>";
		};
		26484F602806CBEE00002EE3 /* ScrollView */ = {
			isa = PBXGroup;
			children = (
				26484F652806CBEE00002EE3 /* Menu */,
				26484F612806CBEE00002EE3 /* ViewControllers */,
			);
			path = ScrollView;
			sourceTree = "<group>";
		};
		26484F612806CBEE00002EE3 /* ViewControllers */ = {
			isa = PBXGroup;
			children = (
				26484F622806CBEE00002EE3 /* ScrollViewHorizontalViewController.swift */,
				26484F642806CBEE00002EE3 /* ScrollViewTwoDirectionsViewController.swift */,
				26484F632806CBEE00002EE3 /* ScrollViewVerticalViewController.swift */,
			);
			path = ViewControllers;
			sourceTree = "<group>";
		};
		26484F652806CBEE00002EE3 /* Menu */ = {
			isa = PBXGroup;
			children = (
				26484F662806CBEE00002EE3 /* ScrollViewMenuItem.swift */,
				26484F672806CBEE00002EE3 /* ScrollViewMenuViewController.swift */,
			);
			path = Menu;
			sourceTree = "<group>";
		};
		26484F6D28070C5B00002EE3 /* TableView */ = {
			isa = PBXGroup;
			children = (
				26484FA628070C5B00002EE3 /* Menu */,
				26484F6E28070C5B00002EE3 /* ViewControllers */,
			);
			path = TableView;
			sourceTree = "<group>";
		};
		26484F6E28070C5B00002EE3 /* ViewControllers */ = {
			isa = PBXGroup;
			children = (
				26484FA128070C5B00002EE3 /* Base */,
				26484FA328070C5B00002EE3 /* CellAccessoryType */,
				26484F9328070C5B00002EE3 /* CellSelectionStyle */,
				26484F9E28070C5B00002EE3 /* CellSeparatorInsets */,
				26484F8728070C5B00002EE3 /* CellStyle */,
				26ED8F4028095B8900D03738 /* Editing */,
				26484F7228070C5B00002EE3 /* HeadersAndFootters */,
				26484F6F28070C5B00002EE3 /* SectionIndex */,
				26484F9628070C5B00002EE3 /* Selection */,
				26484F7F28070C5B00002EE3 /* SeparatorStyle */,
				26484F7728070C5B00002EE3 /* Style */,
			);
			path = ViewControllers;
			sourceTree = "<group>";
		};
		26484F6F28070C5B00002EE3 /* SectionIndex */ = {
			isa = PBXGroup;
			children = (
				26484F7028070C5B00002EE3 /* TableViewSectionIndexViewController.swift */,
				26484F7128070C5B00002EE3 /* TableViewSectionIndexViewModel.swift */,
			);
			path = SectionIndex;
			sourceTree = "<group>";
		};
		26484F7228070C5B00002EE3 /* HeadersAndFootters */ = {
			isa = PBXGroup;
			children = (
				26484F7428070C5B00002EE3 /* Subviews */,
				26484F7328070C5B00002EE3 /* TableViewHeadersAndFoottersViewController.swift */,
			);
			path = HeadersAndFootters;
			sourceTree = "<group>";
		};
		26484F7428070C5B00002EE3 /* Subviews */ = {
			isa = PBXGroup;
			children = (
				26484F7628070C5B00002EE3 /* TableViewSectionHeaderView.swift */,
			);
			path = Subviews;
			sourceTree = "<group>";
		};
		26484F7728070C5B00002EE3 /* Style */ = {
			isa = PBXGroup;
			children = (
				26484F7C28070C5B00002EE3 /* Menu */,
				26484F7828070C5B00002EE3 /* ViewControllers */,
			);
			path = Style;
			sourceTree = "<group>";
		};
		26484F7828070C5B00002EE3 /* ViewControllers */ = {
			isa = PBXGroup;
			children = (
				26484F7A28070C5B00002EE3 /* TableViewStyleGroupedViewController.swift */,
				26484F7928070C5B00002EE3 /* TableViewStyleInsetGroupedViewController.swift */,
				26484F7B28070C5B00002EE3 /* TableViewStylePlainViewController.swift */,
			);
			path = ViewControllers;
			sourceTree = "<group>";
		};
		26484F7C28070C5B00002EE3 /* Menu */ = {
			isa = PBXGroup;
			children = (
				26484F7D28070C5B00002EE3 /* TableViewStyleMenuItem.swift */,
				26484F7E28070C5B00002EE3 /* TableViewStyleMenuViewController.swift */,
			);
			path = Menu;
			sourceTree = "<group>";
		};
		26484F7F28070C5B00002EE3 /* SeparatorStyle */ = {
			isa = PBXGroup;
			children = (
				26484F8428070C5B00002EE3 /* Menu */,
				26484F8028070C5B00002EE3 /* ViewControllers */,
			);
			path = SeparatorStyle;
			sourceTree = "<group>";
		};
		26484F8028070C5B00002EE3 /* ViewControllers */ = {
			isa = PBXGroup;
			children = (
				26484F8328070C5B00002EE3 /* TableViewSeparatorStyleLineViewController.swift */,
				26484F8228070C5B00002EE3 /* TableViewSeparatorStyleNoneViewController.swift */,
			);
			path = ViewControllers;
			sourceTree = "<group>";
		};
		26484F8428070C5B00002EE3 /* Menu */ = {
			isa = PBXGroup;
			children = (
				26484F8528070C5B00002EE3 /* TableViewSeparatorStyleMenuItem.swift */,
				26484F8628070C5B00002EE3 /* TableViewSeparatorStyleMenuViewController.swift */,
			);
			path = Menu;
			sourceTree = "<group>";
		};
		26484F8728070C5B00002EE3 /* CellStyle */ = {
			isa = PBXGroup;
			children = (
				26484F9028070C5B00002EE3 /* Menu */,
				26484F8828070C5B00002EE3 /* ViewControllers */,
			);
			path = CellStyle;
			sourceTree = "<group>";
		};
		26484F8828070C5B00002EE3 /* ViewControllers */ = {
			isa = PBXGroup;
			children = (
				26484F8D28070C5B00002EE3 /* Base */,
				26484FD52807220100002EE3 /* Cells */,
				26484F8928070C5B00002EE3 /* CellStyleBodyViewController.swift */,
				26484F8B28070C5B00002EE3 /* CellStyleDefaultFontViewController.swift */,
				26484F8A28070C5B00002EE3 /* CellStyleLongTextViewController.swift */,
				26484F8C28070C5B00002EE3 /* CellStyleTitle3ViewController.swift */,
			);
			path = ViewControllers;
			sourceTree = "<group>";
		};
		26484F8D28070C5B00002EE3 /* Base */ = {
			isa = PBXGroup;
			children = (
				26484F8F28070C5B00002EE3 /* CellStyleBaseViewController.swift */,
				26484F8E28070C5B00002EE3 /* CellStyleSection.swift */,
			);
			path = Base;
			sourceTree = "<group>";
		};
		26484F9028070C5B00002EE3 /* Menu */ = {
			isa = PBXGroup;
			children = (
				26484F9228070C5B00002EE3 /* CellStyleMenuItem.swift */,
				26484F9128070C5B00002EE3 /* CellStyleMenuViewController.swift */,
			);
			path = Menu;
			sourceTree = "<group>";
		};
		26484F9328070C5B00002EE3 /* CellSelectionStyle */ = {
			isa = PBXGroup;
			children = (
				26484F9528070C5B00002EE3 /* CellSelectionStyleItem.swift */,
				26484F9428070C5B00002EE3 /* CellSelectionStyleViewController.swift */,
			);
			path = CellSelectionStyle;
			sourceTree = "<group>";
		};
		26484F9628070C5B00002EE3 /* Selection */ = {
			isa = PBXGroup;
			children = (
				26484F9B28070C5B00002EE3 /* Menu */,
				26484F9728070C5B00002EE3 /* ViewControllers */,
			);
			path = Selection;
			sourceTree = "<group>";
		};
		26484F9728070C5B00002EE3 /* ViewControllers */ = {
			isa = PBXGroup;
			children = (
				26484F9828070C5B00002EE3 /* TableViewSelectionMultipleViewController.swift */,
				26484F9928070C5B00002EE3 /* TableViewSelectionSingleViewController.swift */,
				26484F9A28070C5B00002EE3 /* TableViewSelectionWithDeselectViewController.swift */,
			);
			path = ViewControllers;
			sourceTree = "<group>";
		};
		26484F9B28070C5B00002EE3 /* Menu */ = {
			isa = PBXGroup;
			children = (
				26484F9D28070C5B00002EE3 /* TableViewSelectionMenuItem.swift */,
				26484F9C28070C5B00002EE3 /* TableViewSelectionMenuViewController.swift */,
			);
			path = Menu;
			sourceTree = "<group>";
		};
		26484F9E28070C5B00002EE3 /* CellSeparatorInsets */ = {
			isa = PBXGroup;
			children = (
				26484FE22807359E00002EE3 /* Cells */,
				26484F9F28070C5B00002EE3 /* CellSeparatorInsetsSection.swift */,
				26484FA028070C5B00002EE3 /* CellSeparatorInsetsViewController.swift */,
			);
			path = CellSeparatorInsets;
			sourceTree = "<group>";
		};
		26484FA128070C5B00002EE3 /* Base */ = {
			isa = PBXGroup;
			children = (
				26484FCE28070CE100002EE3 /* SimpleTableViewCell.swift */,
				26484FA228070C5B00002EE3 /* SimpleTableViewController.swift */,
			);
			path = Base;
			sourceTree = "<group>";
		};
		26484FA328070C5B00002EE3 /* CellAccessoryType */ = {
			isa = PBXGroup;
			children = (
				26484FA428070C5B00002EE3 /* CellAccessoryTypeItem.swift */,
				26484FA528070C5B00002EE3 /* CellAccessoryTypeViewController.swift */,
			);
			path = CellAccessoryType;
			sourceTree = "<group>";
		};
		26484FA628070C5B00002EE3 /* Menu */ = {
			isa = PBXGroup;
			children = (
				26484FA828070C5B00002EE3 /* TableViewMenuItem.swift */,
				26484FA728070C5B00002EE3 /* TableViewMenuViewController.swift */,
			);
			path = Menu;
			sourceTree = "<group>";
		};
		26484FD228071A5F00002EE3 /* Models */ = {
			isa = PBXGroup;
			children = (
				26484FD328071A5F00002EE3 /* Person.swift */,
			);
			path = Models;
			sourceTree = "<group>";
		};
		26484FD52807220100002EE3 /* Cells */ = {
			isa = PBXGroup;
			children = (
				26484FDA2807225400002EE3 /* DefaultStyleTableViewCell.swift */,
				26484FE02807229F00002EE3 /* SubtitleStyleTableViewCell.swift */,
				26484FDC2807226900002EE3 /* Value1StyleTableViewCell.swift */,
				26484FDE2807228800002EE3 /* Value2StyleTableViewCell.swift */,
			);
			path = Cells;
			sourceTree = "<group>";
		};
		26484FE22807359E00002EE3 /* Cells */ = {
			isa = PBXGroup;
			children = (
				26484FE32807369A00002EE3 /* DefaultSeparatorInsetTableViewCell.swift */,
				26484FEF2807374C00002EE3 /* LeftSideSeparatorInsetTableViewCell.swift */,
				26484FE7280736B800002EE3 /* BothSidesSeparatorInsetTableViewCell.swift */,
				26484FE5280736AB00002EE3 /* ZeroSeparatorInsetTableViewCell.swift */,
				26484FE9280736C700002EE3 /* Indentation1TableViewCell.swift */,
				26484FEB280736CF00002EE3 /* Indentation2TableViewCell.swift */,
				26484FED280736EC00002EE3 /* Indentation3TableViewCell.swift */,
			);
			path = Cells;
			sourceTree = "<group>";
		};
		26859E5B2808876900E233BB /* CollectionView */ = {
			isa = PBXGroup;
			children = (
				26859E5C2808876900E233BB /* Cells */,
				26859E652808876900E233BB /* Menu */,
				26859E602808876900E233BB /* ViewControllers */,
			);
			path = CollectionView;
			sourceTree = "<group>";
		};
		26859E5C2808876900E233BB /* Cells */ = {
			isa = PBXGroup;
			children = (
				26859E5F2808876900E233BB /* BigNumberCollectionViewCell.swift */,
				26859E5E2808876900E233BB /* CollectionBadgeView.swift */,
				26859E5D2808876900E233BB /* CollectionHeaderView.swift */,
			);
			path = Cells;
			sourceTree = "<group>";
		};
		26859E602808876900E233BB /* ViewControllers */ = {
			isa = PBXGroup;
			children = (
				26859E642808876900E233BB /* CollectionViewBadgeViewController.swift */,
				26859E632808876900E233BB /* CollectionViewGridViewController.swift */,
				26859E622808876900E233BB /* CollectionViewPagingViewController.swift */,
				26859E612808876900E233BB /* CollectionViewSectionsViewController.swift */,
			);
			path = ViewControllers;
			sourceTree = "<group>";
		};
		26859E652808876900E233BB /* Menu */ = {
			isa = PBXGroup;
			children = (
				26859E662808876900E233BB /* CollectionViewMenuItem.swift */,
				26859E672808876900E233BB /* CollectionViewMenuViewController.swift */,
			);
			path = Menu;
			sourceTree = "<group>";
		};
		268AEF4528091E2B006E8838 /* Transitions */ = {
			isa = PBXGroup;
			children = (
				268AEF5128091E2B006E8838 /* Menu */,
				268AEF4628091E2B006E8838 /* ViewControllers */,
			);
			path = Transitions;
			sourceTree = "<group>";
		};
		268AEF4628091E2B006E8838 /* ViewControllers */ = {
			isa = PBXGroup;
			children = (
				268AEF4E28091E2B006E8838 /* FullScreenPartialCurlTransitionViewController.swift */,
				268AEF4B28091E2B006E8838 /* PageSheetWithDelegateTransitionViewController.swift */,
			);
			path = ViewControllers;
			sourceTree = "<group>";
		};
		268AEF5128091E2B006E8838 /* Menu */ = {
			isa = PBXGroup;
			children = (
				268AEF5328091E2B006E8838 /* TransitionsMenuItem.swift */,
				268AEF5228091E2B006E8838 /* TransitionsMenuViewController.swift */,
			);
			path = Menu;
			sourceTree = "<group>";
		};
		26B430DA27E1154700F00210 = {
			isa = PBXGroup;
			children = (
				26B430E527E1154800F00210 /* UIKit-Swift */,
				26B430E427E1154800F00210 /* Products */,
			);
			sourceTree = "<group>";
		};
		26B430E427E1154800F00210 /* Products */ = {
			isa = PBXGroup;
			children = (
				26B430E327E1154800F00210 /* UIKit-Swift.app */,
			);
			name = Products;
			sourceTree = "<group>";
		};
		26B430E527E1154800F00210 /* UIKit-Swift */ = {
			isa = PBXGroup;
			children = (
				26B430FC27E11E1600F00210 /* Source */,
				26B430FA27E11D6000F00210 /* Supporting files */,
			);
			path = "UIKit-Swift";
			sourceTree = "<group>";
		};
		26B430FA27E11D6000F00210 /* Supporting files */ = {
			isa = PBXGroup;
			children = (
				2631538A28033B4500939451 /* Mock data */,
				26B430EF27E1154800F00210 /* Assets.xcassets */,
				26B430F127E1154800F00210 /* LaunchScreen.storyboard */,
				26B430F427E1154800F00210 /* Info.plist */,
			);
			path = "Supporting files";
			sourceTree = "<group>";
		};
		26B430FC27E11E1600F00210 /* Source */ = {
			isa = PBXGroup;
			children = (
				26B4310A27E11E1600F00210 /* AppDelegate */,
				26484FD228071A5F00002EE3 /* Models */,
				26BBDB0B2801F1A2009647A3 /* Utils */,
				26B430FD27E11E1600F00210 /* ViewControllers */,
			);
			path = Source;
			sourceTree = "<group>";
		};
		26B430FD27E11E1600F00210 /* ViewControllers */ = {
			isa = PBXGroup;
			children = (
				26B4310227E11E1600F00210 /* Base ViewController */,
				26B4310727E11E1600F00210 /* Main Menu */,
				26B4310427E11E1600F00210 /* Main Menu ViewControllers */,
			);
			path = ViewControllers;
			sourceTree = "<group>";
		};
		26B430FE27E11E1600F00210 /* Base Menu */ = {
			isa = PBXGroup;
			children = (
				26B4310027E11E1600F00210 /* MenuCell.swift */,
				26B430FF27E11E1600F00210 /* MenuItemProtocol.swift */,
				26B4310127E11E1600F00210 /* MenuViewController.swift */,
			);
			path = "Base Menu";
			sourceTree = "<group>";
		};
		26B4310227E11E1600F00210 /* Base ViewController */ = {
			isa = PBXGroup;
			children = (
				26B430FE27E11E1600F00210 /* Base Menu */,
				26B4310327E11E1600F00210 /* BaseViewController.swift */,
				26DBD4202801DE6D00BF2FCA /* StackViewController.swift */,
				268AEF60280920CE006E8838 /* SingleLabelViewController.swift */,
			);
			path = "Base ViewController";
			sourceTree = "<group>";
		};
		26B4310427E11E1600F00210 /* Main Menu ViewControllers */ = {
			isa = PBXGroup;
			children = (
				26B4310527E11E1600F00210 /* AllControls */,
				2606823527EE140100B641B2 /* Button */,
				26859E5B2808876900E233BB /* CollectionView */,
				2606824F27F0725000B641B2 /* Label */,
				26484F602806CBEE00002EE3 /* ScrollView */,
				26484F6D28070C5B00002EE3 /* TableView */,
				2631535A28030F9800939451 /* TextField */,
				2631537B2803390100939451 /* TextView */,
				268AEF4528091E2B006E8838 /* Transitions */,
			);
			path = "Main Menu ViewControllers";
			sourceTree = "<group>";
		};
		26B4310527E11E1600F00210 /* AllControls */ = {
			isa = PBXGroup;
			children = (
				2606823927EE15E100B641B2 /* Subviews */,
				26B4310627E11E1600F00210 /* AllControlsViewController.swift */,
			);
			path = AllControls;
			sourceTree = "<group>";
		};
		26B4310727E11E1600F00210 /* Main Menu */ = {
			isa = PBXGroup;
			children = (
				26B4310827E11E1600F00210 /* MainMenuItem.swift */,
				26B4310927E11E1600F00210 /* MainMenuViewController.swift */,
			);
			path = "Main Menu";
			sourceTree = "<group>";
		};
		26B4310A27E11E1600F00210 /* AppDelegate */ = {
			isa = PBXGroup;
			children = (
				26B4310B27E11E1600F00210 /* AppDelegate.swift */,
				26B4310C27E11E1600F00210 /* SceneDelegate.swift */,
			);
			path = AppDelegate;
			sourceTree = "<group>";
		};
		26BBDB0B2801F1A2009647A3 /* Utils */ = {
			isa = PBXGroup;
			children = (
				26BBDB0C2801F1CB009647A3 /* KeyboardHelper.swift */,
				2631538D28033BB400939451 /* MockDataLoader.swift */,
			);
			path = Utils;
			sourceTree = "<group>";
		};
		26ED8F4028095B8900D03738 /* Editing */ = {
			isa = PBXGroup;
			children = (
				26ED8F412809672800D03738 /* Menu */,
				26ED8F422809673500D03738 /* ViewControllers */,
			);
			path = Editing;
			sourceTree = "<group>";
		};
		26ED8F412809672800D03738 /* Menu */ = {
			isa = PBXGroup;
			children = (
				26ED8F432809675E00D03738 /* TableViewEditingMenuItem.swift */,
				26ED8F452809676500D03738 /* TableViewEditingMenuViewController.swift */,
			);
			path = Menu;
			sourceTree = "<group>";
		};
		26ED8F422809673500D03738 /* ViewControllers */ = {
			isa = PBXGroup;
			children = (
				26ED8F49280978FA00D03738 /* TableViewAddAndDeleteViewController.swift */,
				26ED8F8B2809860400D03738 /* TableViewReorderViewController.swift */,
				26ED8F472809683000D03738 /* TableViewSwipeActionsViewController.swift */,
			);
			path = ViewControllers;
			sourceTree = "<group>";
		};
/* End PBXGroup section */

/* Begin PBXNativeTarget section */
		26B430E227E1154800F00210 /* UIKit-Swift */ = {
			isa = PBXNativeTarget;
			buildConfigurationList = 26B430F727E1154800F00210 /* Build configuration list for PBXNativeTarget "UIKit-Swift" */;
			buildPhases = (
				26B430DF27E1154800F00210 /* Sources */,
				26B430E027E1154800F00210 /* Frameworks */,
				26B430E127E1154800F00210 /* Resources */,
			);
			buildRules = (
			);
			dependencies = (
			);
			name = "UIKit-Swift";
			productName = "UIKit-Swift";
			productReference = 26B430E327E1154800F00210 /* UIKit-Swift.app */;
			productType = "com.apple.product-type.application";
		};
/* End PBXNativeTarget section */

/* Begin PBXProject section */
		26B430DB27E1154700F00210 /* Project object */ = {
			isa = PBXProject;
			attributes = {
				BuildIndependentTargetsInParallel = 1;
				LastSwiftUpdateCheck = 1320;
				LastUpgradeCheck = 1320;
				TargetAttributes = {
					26B430E227E1154800F00210 = {
						CreatedOnToolsVersion = 13.2.1;
					};
				};
			};
			buildConfigurationList = 26B430DE27E1154700F00210 /* Build configuration list for PBXProject "UIKit-Swift" */;
			compatibilityVersion = "Xcode 13.0";
			developmentRegion = en;
			hasScannedForEncodings = 0;
			knownRegions = (
				en,
				Base,
			);
			mainGroup = 26B430DA27E1154700F00210;
			productRefGroup = 26B430E427E1154800F00210 /* Products */;
			projectDirPath = "";
			projectRoot = "";
			targets = (
				26B430E227E1154800F00210 /* UIKit-Swift */,
			);
		};
/* End PBXProject section */

/* Begin PBXResourcesBuildPhase section */
		26B430E127E1154800F00210 /* Resources */ = {
			isa = PBXResourcesBuildPhase;
			buildActionMask = 2147483647;
			files = (
				26484F5F2806C68900002EE3 /* mockDataDetectorsText.txt in Resources */,
				2631538C28033B8800939451 /* mockLongText.txt in Resources */,
				26484FD1280719FB00002EE3 /* personData.json in Resources */,
				26B430F327E1154800F00210 /* LaunchScreen.storyboard in Resources */,
				26B430F027E1154800F00210 /* Assets.xcassets in Resources */,
			);
			runOnlyForDeploymentPostprocessing = 0;
		};
/* End PBXResourcesBuildPhase section */

/* Begin PBXSourcesBuildPhase section */
		26B430DF27E1154800F00210 /* Sources */ = {
			isa = PBXSourcesBuildPhase;
			buildActionMask = 2147483647;
			files = (
				26484FDB2807225400002EE3 /* DefaultStyleTableViewCell.swift in Sources */,
				26B4311427E11E1600F00210 /* AppDelegate.swift in Sources */,
				26B4310E27E11E1600F00210 /* MenuCell.swift in Sources */,
				26484FBB28070C5B00002EE3 /* CellStyleTitle3ViewController.swift in Sources */,
				26484FCD28070C5B00002EE3 /* TableViewMenuItem.swift in Sources */,
				26484FE6280736AB00002EE3 /* ZeroSeparatorInsetTableViewCell.swift in Sources */,
				2631536828030F9800939451 /* TextFieldBorderStyleViewController.swift in Sources */,
				26484FB528070C5B00002EE3 /* TableViewSeparatorStyleLineViewController.swift in Sources */,
				26484FB928070C5B00002EE3 /* CellStyleLongTextViewController.swift in Sources */,
				2620623727F32AE000FD0CF3 /* OtherButtonsViewController.swift in Sources */,
				26484F6A2806CBEE00002EE3 /* ScrollViewTwoDirectionsViewController.swift in Sources */,
				2620623427F32AE000FD0CF3 /* ButtonImagePlacementViewController.swift in Sources */,
				2606824627EE3D6C00B641B2 /* AllControlsStepperView.swift in Sources */,
				26859E6E2808876900E233BB /* CollectionViewBadgeViewController.swift in Sources */,
				26ED8F482809683000D03738 /* TableViewSwipeActionsViewController.swift in Sources */,
				26484FB028070C5B00002EE3 /* TableViewStylePlainViewController.swift in Sources */,
				26484FDD2807226900002EE3 /* Value1StyleTableViewCell.swift in Sources */,
				2631536C28030F9800939451 /* TextFieldClearButtonViewController.swift in Sources */,
				2620623327F32AE000FD0CF3 /* ButtonSystemSizesViewController.swift in Sources */,
				263153752803329600939451 /* TextFieldAlignmentViewController.swift in Sources */,
				2606824427EE3D5C00B641B2 /* AllControlsTextFieldView.swift in Sources */,
				26484FC128070C5B00002EE3 /* CellSelectionStyleItem.swift in Sources */,
				263153732803327900939451 /* TextFieldPasswordViewController.swift in Sources */,
				2631538E28033BB400939451 /* MockDataLoader.swift in Sources */,
				2606824027EE3B3E00B641B2 /* AllControlsSwitchView.swift in Sources */,
				26ED8F462809676500D03738 /* TableViewEditingMenuViewController.swift in Sources */,
				2631536E28030F9800939451 /* TextFieldDisabledViewController.swift in Sources */,
				26ED8F442809675E00D03738 /* TableViewEditingMenuItem.swift in Sources */,
				2606824227EE3D4900B641B2 /* AllControlsSegmentedControlView.swift in Sources */,
				26859E682808876900E233BB /* CollectionHeaderView.swift in Sources */,
				26484FC528070C5B00002EE3 /* TableViewSelectionMenuViewController.swift in Sources */,
				26484FC828070C5B00002EE3 /* CellSeparatorInsetsViewController.swift in Sources */,
				26859E6C2808876900E233BB /* CollectionViewPagingViewController.swift in Sources */,
				26859E6D2808876900E233BB /* CollectionViewGridViewController.swift in Sources */,
				263153812803392A00939451 /* TextViewMenuViewController.swift in Sources */,
				26484F6C2806CBEE00002EE3 /* ScrollViewMenuViewController.swift in Sources */,
				26484FAF28070C5B00002EE3 /* TableViewStyleGroupedViewController.swift in Sources */,
				26859E6F2808876900E233BB /* CollectionViewMenuItem.swift in Sources */,
				2631536B28030F9800939451 /* TextFieldTraitsViewController.swift in Sources */,
				26BBDB0D2801F1CB009647A3 /* KeyboardHelper.swift in Sources */,
				2631536A28030F9800939451 /* TextFieldKeyboardTypeViewController.swift in Sources */,
				26ED8F4A280978FA00D03738 /* TableViewAddAndDeleteViewController.swift in Sources */,
				26B4311527E11E1600F00210 /* SceneDelegate.swift in Sources */,
				26484FC328070C5B00002EE3 /* TableViewSelectionSingleViewController.swift in Sources */,
				26484FEA280736C700002EE3 /* Indentation1TableViewCell.swift in Sources */,
				26484FB128070C5B00002EE3 /* TableViewStyleMenuItem.swift in Sources */,
				26484FE8280736B800002EE3 /* BothSidesSeparatorInsetTableViewCell.swift in Sources */,
				268AEF5F28091E2B006E8838 /* TransitionsMenuItem.swift in Sources */,
				268AEF5E28091E2B006E8838 /* TransitionsMenuViewController.swift in Sources */,
				26484FCF28070CE100002EE3 /* SimpleTableViewCell.swift in Sources */,
				26484FC928070C5B00002EE3 /* SimpleTableViewController.swift in Sources */,
				26ED8F8C2809860400D03738 /* TableViewReorderViewController.swift in Sources */,
				2606824A27EE3D8A00B641B2 /* AllControlsActivityIndicatorView.swift in Sources */,
				263153852803394A00939451 /* TextViewEditableViewController.swift in Sources */,
				2606824C27EE3D9700B641B2 /* AllControlsProgressView.swift in Sources */,
				263153872803395300939451 /* TextViewNonEditableViewController.swift in Sources */,
				26484FBA28070C5B00002EE3 /* CellStyleDefaultFontViewController.swift in Sources */,
				26484FBD28070C5B00002EE3 /* CellStyleBaseViewController.swift in Sources */,
				26484FF02807374C00002EE3 /* LeftSideSeparatorInsetTableViewCell.swift in Sources */,
				26484FCA28070C5B00002EE3 /* CellAccessoryTypeItem.swift in Sources */,
				2606823E27EE163000B641B2 /* AllControlsBaseView.swift in Sources */,
				26484FBE28070C5B00002EE3 /* CellStyleMenuViewController.swift in Sources */,
				26B4311027E11E1600F00210 /* BaseViewController.swift in Sources */,
				26484FC628070C5B00002EE3 /* TableViewSelectionMenuItem.swift in Sources */,
				26B4310F27E11E1600F00210 /* MenuViewController.swift in Sources */,
				2631537128030F9800939451 /* TextFieldMenuItem.swift in Sources */,
				2606825327F0728100B641B2 /* LabelMenuViewController.swift in Sources */,
				26484FC428070C5B00002EE3 /* TableViewSelectionWithDeselectViewController.swift in Sources */,
				26484F6B2806CBEE00002EE3 /* ScrollViewMenuItem.swift in Sources */,
				2606823827EE140E00B641B2 /* ButtonClicksCounter.swift in Sources */,
				2606825527F0728800B641B2 /* LabelMenuItem.swift in Sources */,
				2606824827EE3D7B00B641B2 /* AllControlsSliderView.swift in Sources */,
				2631536D28030F9800939451 /* TextFieldReturnKeyTypeViewController.swift in Sources */,
				26484F682806CBEE00002EE3 /* ScrollViewHorizontalViewController.swift in Sources */,
				2620623127F32AE000FD0CF3 /* ButtonMenuItem.swift in Sources */,
				26DBD4212801DE6D00BF2FCA /* StackViewController.swift in Sources */,
				26484FDF2807228800002EE3 /* Value2StyleTableViewCell.swift in Sources */,
				26859E6A2808876900E233BB /* BigNumberCollectionViewCell.swift in Sources */,
				26859E6B2808876900E233BB /* CollectionViewSectionsViewController.swift in Sources */,
				26484FC228070C5B00002EE3 /* TableViewSelectionMultipleViewController.swift in Sources */,
				2631537F2803392300939451 /* TextViewMenuItem.swift in Sources */,
				2606825B27F0731F00B641B2 /* TextStylesViewController.swift in Sources */,
				268AEF5B28091E2B006E8838 /* FullScreenPartialCurlTransitionViewController.swift in Sources */,
				2620623627F32AE000FD0CF3 /* ButtonStylesViewController.swift in Sources */,
				263153832803394200939451 /* TextViewDataDetectorsViewController.swift in Sources */,
				26484FAA28070C5B00002EE3 /* TableViewSectionIndexViewModel.swift in Sources */,
				26484FE12807229F00002EE3 /* SubtitleStyleTableViewCell.swift in Sources */,
				26484FCB28070C5B00002EE3 /* CellAccessoryTypeViewController.swift in Sources */,
				26484FCC28070C5B00002EE3 /* TableViewMenuViewController.swift in Sources */,
				26B4311127E11E1600F00210 /* AllControlsViewController.swift in Sources */,
				2606823B27EE161400B641B2 /* AllControlsButtonView.swift in Sources */,
				26484FB228070C5B00002EE3 /* TableViewStyleMenuViewController.swift in Sources */,
				2620623027F32AE000FD0CF3 /* ButtonMenuViewController.swift in Sources */,
				26484FEC280736CF00002EE3 /* Indentation2TableViewCell.swift in Sources */,
				26859E702808876900E233BB /* CollectionViewMenuViewController.swift in Sources */,
				2606825727F072F900B641B2 /* FontSizesViewController.swift in Sources */,
				263153892803395900939451 /* TextViewNonEditableNonSelectableViewController.swift in Sources */,
				2631536F28030F9800939451 /* BaseTextFieldViewController.swift in Sources */,
				26484FC028070C5B00002EE3 /* CellSelectionStyleViewController.swift in Sources */,
				26484FB628070C5B00002EE3 /* TableViewSeparatorStyleMenuItem.swift in Sources */,
				2631537028030F9800939451 /* TextFieldMenuViewController.swift in Sources */,
				26484FD428071A5F00002EE3 /* Person.swift in Sources */,
				2606825927F0731500B641B2 /* FontWeightsViewController.swift in Sources */,
				26484FBC28070C5B00002EE3 /* CellStyleSection.swift in Sources */,
				26484FAE28070C5B00002EE3 /* TableViewStyleInsetGroupedViewController.swift in Sources */,
				26484FEE280736EC00002EE3 /* Indentation3TableViewCell.swift in Sources */,
				26484FAD28070C5B00002EE3 /* TableViewSectionHeaderView.swift in Sources */,
				26B4311327E11E1600F00210 /* MainMenuViewController.swift in Sources */,
				26484FA928070C5B00002EE3 /* TableViewSectionIndexViewController.swift in Sources */,
				26484FB428070C5B00002EE3 /* TableViewSeparatorStyleNoneViewController.swift in Sources */,
				2620623227F32AE000FD0CF3 /* ButtonToggleViewController.swift in Sources */,
				26484FB828070C5B00002EE3 /* CellStyleBodyViewController.swift in Sources */,
				26484FE42807369A00002EE3 /* DefaultSeparatorInsetTableViewCell.swift in Sources */,
				26859E692808876900E233BB /* CollectionBadgeView.swift in Sources */,
				26484FB728070C5B00002EE3 /* TableViewSeparatorStyleMenuViewController.swift in Sources */,
				26B4311227E11E1600F00210 /* MainMenuItem.swift in Sources */,
				26484F692806CBEE00002EE3 /* ScrollViewVerticalViewController.swift in Sources */,
				26484FAB28070C5B00002EE3 /* TableViewHeadersAndFoottersViewController.swift in Sources */,
				26484FC728070C5B00002EE3 /* CellSeparatorInsetsSection.swift in Sources */,
				26484FBF28070C5B00002EE3 /* CellStyleMenuItem.swift in Sources */,
				268AEF61280920CE006E8838 /* SingleLabelViewController.swift in Sources */,
				2620623527F32AE000FD0CF3 /* ButtonCornerStyleViewController.swift in Sources */,
				268AEF5828091E2B006E8838 /* PageSheetWithDelegateTransitionViewController.swift in Sources */,
				2606824E27EE3DA000B641B2 /* AllControlsPageControlView.swift in Sources */,
				26B4310D27E11E1600F00210 /* MenuItemProtocol.swift in Sources */,
			);
			runOnlyForDeploymentPostprocessing = 0;
		};
/* End PBXSourcesBuildPhase section */

/* Begin PBXVariantGroup section */
		26B430F127E1154800F00210 /* LaunchScreen.storyboard */ = {
			isa = PBXVariantGroup;
			children = (
				26B430F227E1154800F00210 /* Base */,
			);
			name = LaunchScreen.storyboard;
			sourceTree = "<group>";
		};
/* End PBXVariantGroup section */

/* Begin XCBuildConfiguration section */
		26B430F527E1154800F00210 /* Debug */ = {
			isa = XCBuildConfiguration;
			buildSettings = {
				ALWAYS_SEARCH_USER_PATHS = NO;
				CLANG_ANALYZER_NONNULL = YES;
				CLANG_ANALYZER_NUMBER_OBJECT_CONVERSION = YES_AGGRESSIVE;
				CLANG_CXX_LANGUAGE_STANDARD = "gnu++17";
				CLANG_CXX_LIBRARY = "libc++";
				CLANG_ENABLE_MODULES = YES;
				CLANG_ENABLE_OBJC_ARC = YES;
				CLANG_ENABLE_OBJC_WEAK = YES;
				CLANG_WARN_BLOCK_CAPTURE_AUTORELEASING = YES;
				CLANG_WARN_BOOL_CONVERSION = YES;
				CLANG_WARN_COMMA = YES;
				CLANG_WARN_CONSTANT_CONVERSION = YES;
				CLANG_WARN_DEPRECATED_OBJC_IMPLEMENTATIONS = YES;
				CLANG_WARN_DIRECT_OBJC_ISA_USAGE = YES_ERROR;
				CLANG_WARN_DOCUMENTATION_COMMENTS = YES;
				CLANG_WARN_EMPTY_BODY = YES;
				CLANG_WARN_ENUM_CONVERSION = YES;
				CLANG_WARN_INFINITE_RECURSION = YES;
				CLANG_WARN_INT_CONVERSION = YES;
				CLANG_WARN_NON_LITERAL_NULL_CONVERSION = YES;
				CLANG_WARN_OBJC_IMPLICIT_RETAIN_SELF = YES;
				CLANG_WARN_OBJC_LITERAL_CONVERSION = YES;
				CLANG_WARN_OBJC_ROOT_CLASS = YES_ERROR;
				CLANG_WARN_QUOTED_INCLUDE_IN_FRAMEWORK_HEADER = YES;
				CLANG_WARN_RANGE_LOOP_ANALYSIS = YES;
				CLANG_WARN_STRICT_PROTOTYPES = YES;
				CLANG_WARN_SUSPICIOUS_MOVE = YES;
				CLANG_WARN_UNGUARDED_AVAILABILITY = YES_AGGRESSIVE;
				CLANG_WARN_UNREACHABLE_CODE = YES;
				CLANG_WARN__DUPLICATE_METHOD_MATCH = YES;
				COPY_PHASE_STRIP = NO;
				DEBUG_INFORMATION_FORMAT = dwarf;
				ENABLE_STRICT_OBJC_MSGSEND = YES;
				ENABLE_TESTABILITY = YES;
				GCC_C_LANGUAGE_STANDARD = gnu11;
				GCC_DYNAMIC_NO_PIC = NO;
				GCC_NO_COMMON_BLOCKS = YES;
				GCC_OPTIMIZATION_LEVEL = 0;
				GCC_PREPROCESSOR_DEFINITIONS = (
					"DEBUG=1",
					"$(inherited)",
				);
				GCC_WARN_64_TO_32_BIT_CONVERSION = YES;
				GCC_WARN_ABOUT_RETURN_TYPE = YES_ERROR;
				GCC_WARN_UNDECLARED_SELECTOR = YES;
				GCC_WARN_UNINITIALIZED_AUTOS = YES_AGGRESSIVE;
				GCC_WARN_UNUSED_FUNCTION = YES;
				GCC_WARN_UNUSED_VARIABLE = YES;
				IPHONEOS_DEPLOYMENT_TARGET = 15.2;
				MTL_ENABLE_DEBUG_INFO = INCLUDE_SOURCE;
				MTL_FAST_MATH = YES;
				ONLY_ACTIVE_ARCH = YES;
				SDKROOT = iphoneos;
				SWIFT_ACTIVE_COMPILATION_CONDITIONS = DEBUG;
				SWIFT_OPTIMIZATION_LEVEL = "-Onone";
			};
			name = Debug;
		};
		26B430F627E1154800F00210 /* Release */ = {
			isa = XCBuildConfiguration;
			buildSettings = {
				ALWAYS_SEARCH_USER_PATHS = NO;
				CLANG_ANALYZER_NONNULL = YES;
				CLANG_ANALYZER_NUMBER_OBJECT_CONVERSION = YES_AGGRESSIVE;
				CLANG_CXX_LANGUAGE_STANDARD = "gnu++17";
				CLANG_CXX_LIBRARY = "libc++";
				CLANG_ENABLE_MODULES = YES;
				CLANG_ENABLE_OBJC_ARC = YES;
				CLANG_ENABLE_OBJC_WEAK = YES;
				CLANG_WARN_BLOCK_CAPTURE_AUTORELEASING = YES;
				CLANG_WARN_BOOL_CONVERSION = YES;
				CLANG_WARN_COMMA = YES;
				CLANG_WARN_CONSTANT_CONVERSION = YES;
				CLANG_WARN_DEPRECATED_OBJC_IMPLEMENTATIONS = YES;
				CLANG_WARN_DIRECT_OBJC_ISA_USAGE = YES_ERROR;
				CLANG_WARN_DOCUMENTATION_COMMENTS = YES;
				CLANG_WARN_EMPTY_BODY = YES;
				CLANG_WARN_ENUM_CONVERSION = YES;
				CLANG_WARN_INFINITE_RECURSION = YES;
				CLANG_WARN_INT_CONVERSION = YES;
				CLANG_WARN_NON_LITERAL_NULL_CONVERSION = YES;
				CLANG_WARN_OBJC_IMPLICIT_RETAIN_SELF = YES;
				CLANG_WARN_OBJC_LITERAL_CONVERSION = YES;
				CLANG_WARN_OBJC_ROOT_CLASS = YES_ERROR;
				CLANG_WARN_QUOTED_INCLUDE_IN_FRAMEWORK_HEADER = YES;
				CLANG_WARN_RANGE_LOOP_ANALYSIS = YES;
				CLANG_WARN_STRICT_PROTOTYPES = YES;
				CLANG_WARN_SUSPICIOUS_MOVE = YES;
				CLANG_WARN_UNGUARDED_AVAILABILITY = YES_AGGRESSIVE;
				CLANG_WARN_UNREACHABLE_CODE = YES;
				CLANG_WARN__DUPLICATE_METHOD_MATCH = YES;
				COPY_PHASE_STRIP = NO;
				DEBUG_INFORMATION_FORMAT = "dwarf-with-dsym";
				ENABLE_NS_ASSERTIONS = NO;
				ENABLE_STRICT_OBJC_MSGSEND = YES;
				GCC_C_LANGUAGE_STANDARD = gnu11;
				GCC_NO_COMMON_BLOCKS = YES;
				GCC_WARN_64_TO_32_BIT_CONVERSION = YES;
				GCC_WARN_ABOUT_RETURN_TYPE = YES_ERROR;
				GCC_WARN_UNDECLARED_SELECTOR = YES;
				GCC_WARN_UNINITIALIZED_AUTOS = YES_AGGRESSIVE;
				GCC_WARN_UNUSED_FUNCTION = YES;
				GCC_WARN_UNUSED_VARIABLE = YES;
				IPHONEOS_DEPLOYMENT_TARGET = 15.2;
				MTL_ENABLE_DEBUG_INFO = NO;
				MTL_FAST_MATH = YES;
				SDKROOT = iphoneos;
				SWIFT_COMPILATION_MODE = wholemodule;
				SWIFT_OPTIMIZATION_LEVEL = "-O";
				VALIDATE_PRODUCT = YES;
			};
			name = Release;
		};
		26B430F827E1154800F00210 /* Debug */ = {
			isa = XCBuildConfiguration;
			buildSettings = {
				ASSETCATALOG_COMPILER_APPICON_NAME = AppIcon;
				ASSETCATALOG_COMPILER_GLOBAL_ACCENT_COLOR_NAME = AccentColor;
				CODE_SIGN_IDENTITY = "iPhone Developer";
				CODE_SIGN_STYLE = Manual;
				CURRENT_PROJECT_VERSION = 1;
				DEVELOPMENT_TEAM = 9G3V3Z24HF;
				GENERATE_INFOPLIST_FILE = YES;
				INFOPLIST_FILE = "UIKit-Swift/Supporting files/Info.plist";
				INFOPLIST_KEY_UIApplicationSupportsIndirectInputEvents = YES;
				INFOPLIST_KEY_UILaunchStoryboardName = LaunchScreen;
				INFOPLIST_KEY_UISupportedInterfaceOrientations_iPad = "UIInterfaceOrientationPortrait UIInterfaceOrientationPortraitUpsideDown UIInterfaceOrientationLandscapeLeft UIInterfaceOrientationLandscapeRight";
				INFOPLIST_KEY_UISupportedInterfaceOrientations_iPhone = "UIInterfaceOrientationPortrait UIInterfaceOrientationLandscapeLeft UIInterfaceOrientationLandscapeRight";
				LD_RUNPATH_SEARCH_PATHS = (
					"$(inherited)",
					"@executable_path/Frameworks",
				);
				MARKETING_VERSION = 1.0;
				PRODUCT_BUNDLE_IDENTIFIER = "com.kamilgomolka.UIKit-Swift";
				PRODUCT_NAME = "$(TARGET_NAME)";
				PROVISIONING_PROFILE_SPECIFIER = "UIKit Swift Development";
				SWIFT_EMIT_LOC_STRINGS = YES;
				SWIFT_VERSION = 5.0;
				TARGETED_DEVICE_FAMILY = "1,2";
			};
			name = Debug;
		};
		26B430F927E1154800F00210 /* Release */ = {
			isa = XCBuildConfiguration;
			buildSettings = {
				ASSETCATALOG_COMPILER_APPICON_NAME = AppIcon;
				ASSETCATALOG_COMPILER_GLOBAL_ACCENT_COLOR_NAME = AccentColor;
				CODE_SIGN_IDENTITY = "iPhone Developer";
				CODE_SIGN_STYLE = Manual;
				CURRENT_PROJECT_VERSION = 1;
				DEVELOPMENT_TEAM = 9G3V3Z24HF;
				GENERATE_INFOPLIST_FILE = YES;
				INFOPLIST_FILE = "UIKit-Swift/Supporting files/Info.plist";
				INFOPLIST_KEY_UIApplicationSupportsIndirectInputEvents = YES;
				INFOPLIST_KEY_UILaunchStoryboardName = LaunchScreen;
				INFOPLIST_KEY_UISupportedInterfaceOrientations_iPad = "UIInterfaceOrientationPortrait UIInterfaceOrientationPortraitUpsideDown UIInterfaceOrientationLandscapeLeft UIInterfaceOrientationLandscapeRight";
				INFOPLIST_KEY_UISupportedInterfaceOrientations_iPhone = "UIInterfaceOrientationPortrait UIInterfaceOrientationLandscapeLeft UIInterfaceOrientationLandscapeRight";
				LD_RUNPATH_SEARCH_PATHS = (
					"$(inherited)",
					"@executable_path/Frameworks",
				);
				MARKETING_VERSION = 1.0;
				PRODUCT_BUNDLE_IDENTIFIER = "com.kamilgomolka.UIKit-Swift";
				PRODUCT_NAME = "$(TARGET_NAME)";
				PROVISIONING_PROFILE_SPECIFIER = "UIKit Swift Development";
				SWIFT_EMIT_LOC_STRINGS = YES;
				SWIFT_VERSION = 5.0;
				TARGETED_DEVICE_FAMILY = "1,2";
			};
			name = Release;
		};
/* End XCBuildConfiguration section */

/* Begin XCConfigurationList section */
		26B430DE27E1154700F00210 /* Build configuration list for PBXProject "UIKit-Swift" */ = {
			isa = XCConfigurationList;
			buildConfigurations = (
				26B430F527E1154800F00210 /* Debug */,
				26B430F627E1154800F00210 /* Release */,
			);
			defaultConfigurationIsVisible = 0;
			defaultConfigurationName = Release;
		};
		26B430F727E1154800F00210 /* Build configuration list for PBXNativeTarget "UIKit-Swift" */ = {
			isa = XCConfigurationList;
			buildConfigurations = (
				26B430F827E1154800F00210 /* Debug */,
				26B430F927E1154800F00210 /* Release */,
			);
			defaultConfigurationIsVisible = 0;
			defaultConfigurationName = Release;
		};
/* End XCConfigurationList section */
	};
	rootObject = 26B430DB27E1154700F00210 /* Project object */;
}
