// !$*UTF8*$!
{
	archiveVersion = 1;
	classes = {
	};
	objectVersion = 55;
	objects = {

/* Begin PBXBuildFile section */
		2606823827EE140E00B641B2 /* ButtonClicksCounter.swift in Sources */ = {isa = PBXBuildFile; fileRef = 2606823727EE140E00B641B2 /* ButtonClicksCounter.swift */; };
		2606823B27EE161400B641B2 /* AllControlsButtonView.swift in Sources */ = {isa = PBXBuildFile; fileRef = 2606823A27EE161400B641B2 /* AllControlsButtonView.swift */; };
		2606823E27EE163000B641B2 /* AllControlsBaseView.swift in Sources */ = {isa = PBXBuildFile; fileRef = 2606823D27EE163000B641B2 /* AllControlsBaseView.swift */; };
		2606824027EE3B3E00B641B2 /* AllControlsSwitchView.swift in Sources */ = {isa = PBXBuildFile; fileRef = 2606823F27EE3B3E00B641B2 /* AllControlsSwitchView.swift */; };
		2606824227EE3D4900B641B2 /* AllControlsSegmentedControlView.swift in Sources */ = {isa = PBXBuildFile; fileRef = 2606824127EE3D4900B641B2 /* AllControlsSegmentedControlView.swift */; };
		2606824427EE3D5C00B641B2 /* AllControlsTextFieldView.swift in Sources */ = {isa = PBXBuildFile; fileRef = 2606824327EE3D5C00B641B2 /* AllControlsTextFieldView.swift */; };
		2606824627EE3D6C00B641B2 /* AllControlsStepperView.swift in Sources */ = {isa = PBXBuildFile; fileRef = 2606824527EE3D6C00B641B2 /* AllControlsStepperView.swift */; };
		2606824827EE3D7B00B641B2 /* AllControlsSliderView.swift in Sources */ = {isa = PBXBuildFile; fileRef = 2606824727EE3D7B00B641B2 /* AllControlsSliderView.swift */; };
		2606824A27EE3D8A00B641B2 /* AllControlsActivityIndicatorView.swift in Sources */ = {isa = PBXBuildFile; fileRef = 2606824927EE3D8A00B641B2 /* AllControlsActivityIndicatorView.swift */; };
		2606824C27EE3D9700B641B2 /* AllControlsProgressView.swift in Sources */ = {isa = PBXBuildFile; fileRef = 2606824B27EE3D9700B641B2 /* AllControlsProgressView.swift */; };
		2606824E27EE3DA000B641B2 /* AllControlsPageControlView.swift in Sources */ = {isa = PBXBuildFile; fileRef = 2606824D27EE3DA000B641B2 /* AllControlsPageControlView.swift */; };
		2606825327F0728100B641B2 /* LabelMenuViewController.swift in Sources */ = {isa = PBXBuildFile; fileRef = 2606825227F0728100B641B2 /* LabelMenuViewController.swift */; };
		2606825527F0728800B641B2 /* LabelMenuItem.swift in Sources */ = {isa = PBXBuildFile; fileRef = 2606825427F0728800B641B2 /* LabelMenuItem.swift */; };
		2606825727F072F900B641B2 /* FontSizesViewController.swift in Sources */ = {isa = PBXBuildFile; fileRef = 2606825627F072F900B641B2 /* FontSizesViewController.swift */; };
		2606825927F0731500B641B2 /* FontWeightsViewController.swift in Sources */ = {isa = PBXBuildFile; fileRef = 2606825827F0731500B641B2 /* FontWeightsViewController.swift */; };
		2606825B27F0731F00B641B2 /* TextStylesViewController.swift in Sources */ = {isa = PBXBuildFile; fileRef = 2606825A27F0731F00B641B2 /* TextStylesViewController.swift */; };
		2620623027F32AE000FD0CF3 /* ButtonMenuViewController.swift in Sources */ = {isa = PBXBuildFile; fileRef = 2620622727F32AE000FD0CF3 /* ButtonMenuViewController.swift */; };
		2620623127F32AE000FD0CF3 /* ButtonMenuItem.swift in Sources */ = {isa = PBXBuildFile; fileRef = 2620622827F32AE000FD0CF3 /* ButtonMenuItem.swift */; };
		2620623227F32AE000FD0CF3 /* ButtonToggleViewController.swift in Sources */ = {isa = PBXBuildFile; fileRef = 2620622A27F32AE000FD0CF3 /* ButtonToggleViewController.swift */; };
		2620623327F32AE000FD0CF3 /* ButtonSystemSizesViewController.swift in Sources */ = {isa = PBXBuildFile; fileRef = 2620622B27F32AE000FD0CF3 /* ButtonSystemSizesViewController.swift */; };
		2620623427F32AE000FD0CF3 /* ButtonImagePlacementViewController.swift in Sources */ = {isa = PBXBuildFile; fileRef = 2620622C27F32AE000FD0CF3 /* ButtonImagePlacementViewController.swift */; };
		2620623527F32AE000FD0CF3 /* ButtonCornerStyleViewController.swift in Sources */ = {isa = PBXBuildFile; fileRef = 2620622D27F32AE000FD0CF3 /* ButtonCornerStyleViewController.swift */; };
		2620623627F32AE000FD0CF3 /* ButtonStylesViewController.swift in Sources */ = {isa = PBXBuildFile; fileRef = 2620622E27F32AE000FD0CF3 /* ButtonStylesViewController.swift */; };
		2620623727F32AE000FD0CF3 /* OtherButtonsViewController.swift in Sources */ = {isa = PBXBuildFile; fileRef = 2620622F27F32AE000FD0CF3 /* OtherButtonsViewController.swift */; };
		26B430F027E1154800F00210 /* Assets.xcassets in Resources */ = {isa = PBXBuildFile; fileRef = 26B430EF27E1154800F00210 /* Assets.xcassets */; };
		26B430F327E1154800F00210 /* LaunchScreen.storyboard in Resources */ = {isa = PBXBuildFile; fileRef = 26B430F127E1154800F00210 /* LaunchScreen.storyboard */; };
		26B4310D27E11E1600F00210 /* MenuItemProtocol.swift in Sources */ = {isa = PBXBuildFile; fileRef = 26B430FF27E11E1600F00210 /* MenuItemProtocol.swift */; };
		26B4310E27E11E1600F00210 /* MenuCell.swift in Sources */ = {isa = PBXBuildFile; fileRef = 26B4310027E11E1600F00210 /* MenuCell.swift */; };
		26B4310F27E11E1600F00210 /* MenuViewController.swift in Sources */ = {isa = PBXBuildFile; fileRef = 26B4310127E11E1600F00210 /* MenuViewController.swift */; };
		26B4311027E11E1600F00210 /* BaseViewController.swift in Sources */ = {isa = PBXBuildFile; fileRef = 26B4310327E11E1600F00210 /* BaseViewController.swift */; };
		26B4311127E11E1600F00210 /* AllControlsViewController.swift in Sources */ = {isa = PBXBuildFile; fileRef = 26B4310627E11E1600F00210 /* AllControlsViewController.swift */; };
		26B4311227E11E1600F00210 /* MainMenuItem.swift in Sources */ = {isa = PBXBuildFile; fileRef = 26B4310827E11E1600F00210 /* MainMenuItem.swift */; };
		26B4311327E11E1600F00210 /* MainMenuViewController.swift in Sources */ = {isa = PBXBuildFile; fileRef = 26B4310927E11E1600F00210 /* MainMenuViewController.swift */; };
		26B4311427E11E1600F00210 /* AppDelegate.swift in Sources */ = {isa = PBXBuildFile; fileRef = 26B4310B27E11E1600F00210 /* AppDelegate.swift */; };
		26B4311527E11E1600F00210 /* SceneDelegate.swift in Sources */ = {isa = PBXBuildFile; fileRef = 26B4310C27E11E1600F00210 /* SceneDelegate.swift */; };
/* End PBXBuildFile section */

/* Begin PBXFileReference section */
		2606823727EE140E00B641B2 /* ButtonClicksCounter.swift */ = {isa = PBXFileReference; lastKnownFileType = sourcecode.swift; path = ButtonClicksCounter.swift; sourceTree = "<group>"; };
		2606823A27EE161400B641B2 /* AllControlsButtonView.swift */ = {isa = PBXFileReference; lastKnownFileType = sourcecode.swift; path = AllControlsButtonView.swift; sourceTree = "<group>"; };
		2606823D27EE163000B641B2 /* AllControlsBaseView.swift */ = {isa = PBXFileReference; lastKnownFileType = sourcecode.swift; path = AllControlsBaseView.swift; sourceTree = "<group>"; };
		2606823F27EE3B3E00B641B2 /* AllControlsSwitchView.swift */ = {isa = PBXFileReference; lastKnownFileType = sourcecode.swift; path = AllControlsSwitchView.swift; sourceTree = "<group>"; };
		2606824127EE3D4900B641B2 /* AllControlsSegmentedControlView.swift */ = {isa = PBXFileReference; lastKnownFileType = sourcecode.swift; path = AllControlsSegmentedControlView.swift; sourceTree = "<group>"; };
		2606824327EE3D5C00B641B2 /* AllControlsTextFieldView.swift */ = {isa = PBXFileReference; lastKnownFileType = sourcecode.swift; path = AllControlsTextFieldView.swift; sourceTree = "<group>"; };
		2606824527EE3D6C00B641B2 /* AllControlsStepperView.swift */ = {isa = PBXFileReference; lastKnownFileType = sourcecode.swift; path = AllControlsStepperView.swift; sourceTree = "<group>"; };
		2606824727EE3D7B00B641B2 /* AllControlsSliderView.swift */ = {isa = PBXFileReference; lastKnownFileType = sourcecode.swift; path = AllControlsSliderView.swift; sourceTree = "<group>"; };
		2606824927EE3D8A00B641B2 /* AllControlsActivityIndicatorView.swift */ = {isa = PBXFileReference; lastKnownFileType = sourcecode.swift; path = AllControlsActivityIndicatorView.swift; sourceTree = "<group>"; };
		2606824B27EE3D9700B641B2 /* AllControlsProgressView.swift */ = {isa = PBXFileReference; lastKnownFileType = sourcecode.swift; path = AllControlsProgressView.swift; sourceTree = "<group>"; };
		2606824D27EE3DA000B641B2 /* AllControlsPageControlView.swift */ = {isa = PBXFileReference; lastKnownFileType = sourcecode.swift; path = AllControlsPageControlView.swift; sourceTree = "<group>"; };
		2606825227F0728100B641B2 /* LabelMenuViewController.swift */ = {isa = PBXFileReference; lastKnownFileType = sourcecode.swift; path = LabelMenuViewController.swift; sourceTree = "<group>"; };
		2606825427F0728800B641B2 /* LabelMenuItem.swift */ = {isa = PBXFileReference; lastKnownFileType = sourcecode.swift; path = LabelMenuItem.swift; sourceTree = "<group>"; };
		2606825627F072F900B641B2 /* FontSizesViewController.swift */ = {isa = PBXFileReference; lastKnownFileType = sourcecode.swift; path = FontSizesViewController.swift; sourceTree = "<group>"; };
		2606825827F0731500B641B2 /* FontWeightsViewController.swift */ = {isa = PBXFileReference; lastKnownFileType = sourcecode.swift; path = FontWeightsViewController.swift; sourceTree = "<group>"; };
		2606825A27F0731F00B641B2 /* TextStylesViewController.swift */ = {isa = PBXFileReference; lastKnownFileType = sourcecode.swift; path = TextStylesViewController.swift; sourceTree = "<group>"; };
		2620622727F32AE000FD0CF3 /* ButtonMenuViewController.swift */ = {isa = PBXFileReference; fileEncoding = 4; lastKnownFileType = sourcecode.swift; path = ButtonMenuViewController.swift; sourceTree = "<group>"; };
		2620622827F32AE000FD0CF3 /* ButtonMenuItem.swift */ = {isa = PBXFileReference; fileEncoding = 4; lastKnownFileType = sourcecode.swift; path = ButtonMenuItem.swift; sourceTree = "<group>"; };
		2620622A27F32AE000FD0CF3 /* ButtonToggleViewController.swift */ = {isa = PBXFileReference; fileEncoding = 4; lastKnownFileType = sourcecode.swift; path = ButtonToggleViewController.swift; sourceTree = "<group>"; };
		2620622B27F32AE000FD0CF3 /* ButtonSystemSizesViewController.swift */ = {isa = PBXFileReference; fileEncoding = 4; lastKnownFileType = sourcecode.swift; path = ButtonSystemSizesViewController.swift; sourceTree = "<group>"; };
		2620622C27F32AE000FD0CF3 /* ButtonImagePlacementViewController.swift */ = {isa = PBXFileReference; fileEncoding = 4; lastKnownFileType = sourcecode.swift; path = ButtonImagePlacementViewController.swift; sourceTree = "<group>"; };
		2620622D27F32AE000FD0CF3 /* ButtonCornerStyleViewController.swift */ = {isa = PBXFileReference; fileEncoding = 4; lastKnownFileType = sourcecode.swift; path = ButtonCornerStyleViewController.swift; sourceTree = "<group>"; };
		2620622E27F32AE000FD0CF3 /* ButtonStylesViewController.swift */ = {isa = PBXFileReference; fileEncoding = 4; lastKnownFileType = sourcecode.swift; path = ButtonStylesViewController.swift; sourceTree = "<group>"; };
		2620622F27F32AE000FD0CF3 /* OtherButtonsViewController.swift */ = {isa = PBXFileReference; fileEncoding = 4; lastKnownFileType = sourcecode.swift; path = OtherButtonsViewController.swift; sourceTree = "<group>"; };
		26B430E327E1154800F00210 /* UIKit-Swift.app */ = {isa = PBXFileReference; explicitFileType = wrapper.application; includeInIndex = 0; path = "UIKit-Swift.app"; sourceTree = BUILT_PRODUCTS_DIR; };
		26B430EF27E1154800F00210 /* Assets.xcassets */ = {isa = PBXFileReference; lastKnownFileType = folder.assetcatalog; path = Assets.xcassets; sourceTree = "<group>"; };
		26B430F227E1154800F00210 /* Base */ = {isa = PBXFileReference; lastKnownFileType = file.storyboard; name = Base; path = Base.lproj/LaunchScreen.storyboard; sourceTree = "<group>"; };
		26B430F427E1154800F00210 /* Info.plist */ = {isa = PBXFileReference; lastKnownFileType = text.plist.xml; path = Info.plist; sourceTree = "<group>"; };
		26B430FF27E11E1600F00210 /* MenuItemProtocol.swift */ = {isa = PBXFileReference; fileEncoding = 4; lastKnownFileType = sourcecode.swift; path = MenuItemProtocol.swift; sourceTree = "<group>"; };
		26B4310027E11E1600F00210 /* MenuCell.swift */ = {isa = PBXFileReference; fileEncoding = 4; lastKnownFileType = sourcecode.swift; path = MenuCell.swift; sourceTree = "<group>"; };
		26B4310127E11E1600F00210 /* MenuViewController.swift */ = {isa = PBXFileReference; fileEncoding = 4; lastKnownFileType = sourcecode.swift; path = MenuViewController.swift; sourceTree = "<group>"; };
		26B4310327E11E1600F00210 /* BaseViewController.swift */ = {isa = PBXFileReference; fileEncoding = 4; lastKnownFileType = sourcecode.swift; path = BaseViewController.swift; sourceTree = "<group>"; };
		26B4310627E11E1600F00210 /* AllControlsViewController.swift */ = {isa = PBXFileReference; fileEncoding = 4; lastKnownFileType = sourcecode.swift; path = AllControlsViewController.swift; sourceTree = "<group>"; };
		26B4310827E11E1600F00210 /* MainMenuItem.swift */ = {isa = PBXFileReference; fileEncoding = 4; lastKnownFileType = sourcecode.swift; path = MainMenuItem.swift; sourceTree = "<group>"; };
		26B4310927E11E1600F00210 /* MainMenuViewController.swift */ = {isa = PBXFileReference; fileEncoding = 4; lastKnownFileType = sourcecode.swift; path = MainMenuViewController.swift; sourceTree = "<group>"; };
		26B4310B27E11E1600F00210 /* AppDelegate.swift */ = {isa = PBXFileReference; fileEncoding = 4; lastKnownFileType = sourcecode.swift; path = AppDelegate.swift; sourceTree = "<group>"; };
		26B4310C27E11E1600F00210 /* SceneDelegate.swift */ = {isa = PBXFileReference; fileEncoding = 4; lastKnownFileType = sourcecode.swift; path = SceneDelegate.swift; sourceTree = "<group>"; };
/* End PBXFileReference section */

/* Begin PBXFrameworksBuildPhase section */
		26B430E027E1154800F00210 /* Frameworks */ = {
			isa = PBXFrameworksBuildPhase;
			buildActionMask = 2147483647;
			files = (
			);
			runOnlyForDeploymentPostprocessing = 0;
		};
/* End PBXFrameworksBuildPhase section */

/* Begin PBXGroup section */
		2606823527EE140100B641B2 /* Button */ = {
			isa = PBXGroup;
			children = (
				2606823627EE140600B641B2 /* ButtonClicksCounter */,
				2620622627F32AE000FD0CF3 /* Menu */,
				2620622927F32AE000FD0CF3 /* ViewControllers */,
			);
			path = Button;
			sourceTree = "<group>";
		};
		2606823627EE140600B641B2 /* ButtonClicksCounter */ = {
			isa = PBXGroup;
			children = (
				2606823727EE140E00B641B2 /* ButtonClicksCounter.swift */,
			);
			path = ButtonClicksCounter;
			sourceTree = "<group>";
		};
		2606823927EE15E100B641B2 /* Subviews */ = {
			isa = PBXGroup;
			children = (
				2606823C27EE162200B641B2 /* Base view */,
				2606823A27EE161400B641B2 /* AllControlsButtonView.swift */,
				2606823F27EE3B3E00B641B2 /* AllControlsSwitchView.swift */,
				2606824127EE3D4900B641B2 /* AllControlsSegmentedControlView.swift */,
				2606824327EE3D5C00B641B2 /* AllControlsTextFieldView.swift */,
				2606824527EE3D6C00B641B2 /* AllControlsStepperView.swift */,
				2606824727EE3D7B00B641B2 /* AllControlsSliderView.swift */,
				2606824927EE3D8A00B641B2 /* AllControlsActivityIndicatorView.swift */,
				2606824B27EE3D9700B641B2 /* AllControlsProgressView.swift */,
				2606824D27EE3DA000B641B2 /* AllControlsPageControlView.swift */,
			);
			path = Subviews;
			sourceTree = "<group>";
		};
		2606823C27EE162200B641B2 /* Base view */ = {
			isa = PBXGroup;
			children = (
				2606823D27EE163000B641B2 /* AllControlsBaseView.swift */,
			);
			path = "Base view";
			sourceTree = "<group>";
		};
		2606824F27F0725000B641B2 /* Label */ = {
			isa = PBXGroup;
			children = (
				2606825027F0725900B641B2 /* Menu */,
				2606825127F0725D00B641B2 /* ViewControllers */,
			);
			path = Label;
			sourceTree = "<group>";
		};
		2606825027F0725900B641B2 /* Menu */ = {
			isa = PBXGroup;
			children = (
				2606825427F0728800B641B2 /* LabelMenuItem.swift */,
				2606825227F0728100B641B2 /* LabelMenuViewController.swift */,
			);
			path = Menu;
			sourceTree = "<group>";
		};
		2606825127F0725D00B641B2 /* ViewControllers */ = {
			isa = PBXGroup;
			children = (
				2606825627F072F900B641B2 /* FontSizesViewController.swift */,
				2606825827F0731500B641B2 /* FontWeightsViewController.swift */,
				2606825A27F0731F00B641B2 /* TextStylesViewController.swift */,
			);
			path = ViewControllers;
			sourceTree = "<group>";
		};
		2620622627F32AE000FD0CF3 /* Menu */ = {
			isa = PBXGroup;
			children = (
				2620622827F32AE000FD0CF3 /* ButtonMenuItem.swift */,
				2620622727F32AE000FD0CF3 /* ButtonMenuViewController.swift */,
			);
			path = Menu;
			sourceTree = "<group>";
		};
		2620622927F32AE000FD0CF3 /* ViewControllers */ = {
			isa = PBXGroup;
			children = (
				2620622D27F32AE000FD0CF3 /* ButtonCornerStyleViewController.swift */,
				2620622C27F32AE000FD0CF3 /* ButtonImagePlacementViewController.swift */,
				2620622E27F32AE000FD0CF3 /* ButtonStylesViewController.swift */,
				2620622B27F32AE000FD0CF3 /* ButtonSystemSizesViewController.swift */,
				2620622A27F32AE000FD0CF3 /* ButtonToggleViewController.swift */,
				2620622F27F32AE000FD0CF3 /* OtherButtonsViewController.swift */,
			);
			path = ViewControllers;
			sourceTree = "<group>";
		};
		26B430DA27E1154700F00210 = {
			isa = PBXGroup;
			children = (
				26B430E527E1154800F00210 /* UIKit-Swift */,
				26B430E427E1154800F00210 /* Products */,
			);
			sourceTree = "<group>";
		};
		26B430E427E1154800F00210 /* Products */ = {
			isa = PBXGroup;
			children = (
				26B430E327E1154800F00210 /* UIKit-Swift.app */,
			);
			name = Products;
			sourceTree = "<group>";
		};
		26B430E527E1154800F00210 /* UIKit-Swift */ = {
			isa = PBXGroup;
			children = (
				26B430FC27E11E1600F00210 /* Source */,
				26B430FA27E11D6000F00210 /* Supporting files */,
			);
			path = "UIKit-Swift";
			sourceTree = "<group>";
		};
		26B430FA27E11D6000F00210 /* Supporting files */ = {
			isa = PBXGroup;
			children = (
				26B430EF27E1154800F00210 /* Assets.xcassets */,
				26B430F127E1154800F00210 /* LaunchScreen.storyboard */,
				26B430F427E1154800F00210 /* Info.plist */,
			);
			path = "Supporting files";
			sourceTree = "<group>";
		};
		26B430FC27E11E1600F00210 /* Source */ = {
			isa = PBXGroup;
			children = (
				26B4310A27E11E1600F00210 /* AppDelegate */,
				26B430FD27E11E1600F00210 /* ViewControllers */,
			);
			path = Source;
			sourceTree = "<group>";
		};
		26B430FD27E11E1600F00210 /* ViewControllers */ = {
			isa = PBXGroup;
			children = (
				26B430FE27E11E1600F00210 /* Base Menu */,
				26B4310227E11E1600F00210 /* Base ViewController */,
				26B4310727E11E1600F00210 /* Main Menu */,
				26B4310427E11E1600F00210 /* Main Menu ViewControllers */,
			);
			path = ViewControllers;
			sourceTree = "<group>";
		};
		26B430FE27E11E1600F00210 /* Base Menu */ = {
			isa = PBXGroup;
			children = (
				26B4310027E11E1600F00210 /* MenuCell.swift */,
				26B430FF27E11E1600F00210 /* MenuItemProtocol.swift */,
				26B4310127E11E1600F00210 /* MenuViewController.swift */,
			);
			path = "Base Menu";
			sourceTree = "<group>";
		};
		26B4310227E11E1600F00210 /* Base ViewController */ = {
			isa = PBXGroup;
			children = (
				26B4310327E11E1600F00210 /* BaseViewController.swift */,
			);
			path = "Base ViewController";
			sourceTree = "<group>";
		};
		26B4310427E11E1600F00210 /* Main Menu ViewControllers */ = {
			isa = PBXGroup;
			children = (
				26B4310527E11E1600F00210 /* AllControls */,
				2606823527EE140100B641B2 /* Button */,
				2606824F27F0725000B641B2 /* Label */,
			);
			path = "Main Menu ViewControllers";
			sourceTree = "<group>";
		};
		26B4310527E11E1600F00210 /* AllControls */ = {
			isa = PBXGroup;
			children = (
				2606823927EE15E100B641B2 /* Subviews */,
				26B4310627E11E1600F00210 /* AllControlsViewController.swift */,
			);
			path = AllControls;
			sourceTree = "<group>";
		};
		26B4310727E11E1600F00210 /* Main Menu */ = {
			isa = PBXGroup;
			children = (
				26B4310827E11E1600F00210 /* MainMenuItem.swift */,
				26B4310927E11E1600F00210 /* MainMenuViewController.swift */,
			);
			path = "Main Menu";
			sourceTree = "<group>";
		};
		26B4310A27E11E1600F00210 /* AppDelegate */ = {
			isa = PBXGroup;
			children = (
				26B4310B27E11E1600F00210 /* AppDelegate.swift */,
				26B4310C27E11E1600F00210 /* SceneDelegate.swift */,
			);
			path = AppDelegate;
			sourceTree = "<group>";
		};
/* End PBXGroup section */

/* Begin PBXNativeTarget section */
		26B430E227E1154800F00210 /* UIKit-Swift */ = {
			isa = PBXNativeTarget;
			buildConfigurationList = 26B430F727E1154800F00210 /* Build configuration list for PBXNativeTarget "UIKit-Swift" */;
			buildPhases = (
				26B430DF27E1154800F00210 /* Sources */,
				26B430E027E1154800F00210 /* Frameworks */,
				26B430E127E1154800F00210 /* Resources */,
			);
			buildRules = (
			);
			dependencies = (
			);
			name = "UIKit-Swift";
			productName = "UIKit-Swift";
			productReference = 26B430E327E1154800F00210 /* UIKit-Swift.app */;
			productType = "com.apple.product-type.application";
		};
/* End PBXNativeTarget section */

/* Begin PBXProject section */
		26B430DB27E1154700F00210 /* Project object */ = {
			isa = PBXProject;
			attributes = {
				BuildIndependentTargetsInParallel = 1;
				LastSwiftUpdateCheck = 1320;
				LastUpgradeCheck = 1320;
				TargetAttributes = {
					26B430E227E1154800F00210 = {
						CreatedOnToolsVersion = 13.2.1;
					};
				};
			};
			buildConfigurationList = 26B430DE27E1154700F00210 /* Build configuration list for PBXProject "UIKit-Swift" */;
			compatibilityVersion = "Xcode 13.0";
			developmentRegion = en;
			hasScannedForEncodings = 0;
			knownRegions = (
				en,
				Base,
			);
			mainGroup = 26B430DA27E1154700F00210;
			productRefGroup = 26B430E427E1154800F00210 /* Products */;
			projectDirPath = "";
			projectRoot = "";
			targets = (
				26B430E227E1154800F00210 /* UIKit-Swift */,
			);
		};
/* End PBXProject section */

/* Begin PBXResourcesBuildPhase section */
		26B430E127E1154800F00210 /* Resources */ = {
			isa = PBXResourcesBuildPhase;
			buildActionMask = 2147483647;
			files = (
				26B430F327E1154800F00210 /* LaunchScreen.storyboard in Resources */,
				26B430F027E1154800F00210 /* Assets.xcassets in Resources */,
			);
			runOnlyForDeploymentPostprocessing = 0;
		};
/* End PBXResourcesBuildPhase section */

/* Begin PBXSourcesBuildPhase section */
		26B430DF27E1154800F00210 /* Sources */ = {
			isa = PBXSourcesBuildPhase;
			buildActionMask = 2147483647;
			files = (
				26B4311427E11E1600F00210 /* AppDelegate.swift in Sources */,
				26B4310E27E11E1600F00210 /* MenuCell.swift in Sources */,
				2620623727F32AE000FD0CF3 /* OtherButtonsViewController.swift in Sources */,
				2620623427F32AE000FD0CF3 /* ButtonImagePlacementViewController.swift in Sources */,
				2606824627EE3D6C00B641B2 /* AllControlsStepperView.swift in Sources */,
				2620623327F32AE000FD0CF3 /* ButtonSystemSizesViewController.swift in Sources */,
				2606824427EE3D5C00B641B2 /* AllControlsTextFieldView.swift in Sources */,
				2606824027EE3B3E00B641B2 /* AllControlsSwitchView.swift in Sources */,
				2606824227EE3D4900B641B2 /* AllControlsSegmentedControlView.swift in Sources */,
				26B4311527E11E1600F00210 /* SceneDelegate.swift in Sources */,
				2606824A27EE3D8A00B641B2 /* AllControlsActivityIndicatorView.swift in Sources */,
				2606824C27EE3D9700B641B2 /* AllControlsProgressView.swift in Sources */,
				2606823E27EE163000B641B2 /* AllControlsBaseView.swift in Sources */,
				26B4311027E11E1600F00210 /* BaseViewController.swift in Sources */,
				26B4310F27E11E1600F00210 /* MenuViewController.swift in Sources */,
				2606825327F0728100B641B2 /* LabelMenuViewController.swift in Sources */,
				2606823827EE140E00B641B2 /* ButtonClicksCounter.swift in Sources */,
				2606825527F0728800B641B2 /* LabelMenuItem.swift in Sources */,
				2606824827EE3D7B00B641B2 /* AllControlsSliderView.swift in Sources */,
				2620623127F32AE000FD0CF3 /* ButtonMenuItem.swift in Sources */,
				2606825B27F0731F00B641B2 /* TextStylesViewController.swift in Sources */,
				2620623627F32AE000FD0CF3 /* ButtonStylesViewController.swift in Sources */,
				26B4311127E11E1600F00210 /* AllControlsViewController.swift in Sources */,
				2606823B27EE161400B641B2 /* AllControlsButtonView.swift in Sources */,
				2620623027F32AE000FD0CF3 /* ButtonMenuViewController.swift in Sources */,
				2606825727F072F900B641B2 /* FontSizesViewController.swift in Sources */,
				2606825927F0731500B641B2 /* FontWeightsViewController.swift in Sources */,
				26B4311327E11E1600F00210 /* MainMenuViewController.swift in Sources */,
				2620623227F32AE000FD0CF3 /* ButtonToggleViewController.swift in Sources */,
				26B4311227E11E1600F00210 /* MainMenuItem.swift in Sources */,
				2620623527F32AE000FD0CF3 /* ButtonCornerStyleViewController.swift in Sources */,
				2606824E27EE3DA000B641B2 /* AllControlsPageControlView.swift in Sources */,
				26B4310D27E11E1600F00210 /* MenuItemProtocol.swift in Sources */,
			);
			runOnlyForDeploymentPostprocessing = 0;
		};
/* End PBXSourcesBuildPhase section */

/* Begin PBXVariantGroup section */
		26B430F127E1154800F00210 /* LaunchScreen.storyboard */ = {
			isa = PBXVariantGroup;
			children = (
				26B430F227E1154800F00210 /* Base */,
			);
			name = LaunchScreen.storyboard;
			sourceTree = "<group>";
		};
/* End PBXVariantGroup section */

/* Begin XCBuildConfiguration section */
		26B430F527E1154800F00210 /* Debug */ = {
			isa = XCBuildConfiguration;
			buildSettings = {
				ALWAYS_SEARCH_USER_PATHS = NO;
				CLANG_ANALYZER_NONNULL = YES;
				CLANG_ANALYZER_NUMBER_OBJECT_CONVERSION = YES_AGGRESSIVE;
				CLANG_CXX_LANGUAGE_STANDARD = "gnu++17";
				CLANG_CXX_LIBRARY = "libc++";
				CLANG_ENABLE_MODULES = YES;
				CLANG_ENABLE_OBJC_ARC = YES;
				CLANG_ENABLE_OBJC_WEAK = YES;
				CLANG_WARN_BLOCK_CAPTURE_AUTORELEASING = YES;
				CLANG_WARN_BOOL_CONVERSION = YES;
				CLANG_WARN_COMMA = YES;
				CLANG_WARN_CONSTANT_CONVERSION = YES;
				CLANG_WARN_DEPRECATED_OBJC_IMPLEMENTATIONS = YES;
				CLANG_WARN_DIRECT_OBJC_ISA_USAGE = YES_ERROR;
				CLANG_WARN_DOCUMENTATION_COMMENTS = YES;
				CLANG_WARN_EMPTY_BODY = YES;
				CLANG_WARN_ENUM_CONVERSION = YES;
				CLANG_WARN_INFINITE_RECURSION = YES;
				CLANG_WARN_INT_CONVERSION = YES;
				CLANG_WARN_NON_LITERAL_NULL_CONVERSION = YES;
				CLANG_WARN_OBJC_IMPLICIT_RETAIN_SELF = YES;
				CLANG_WARN_OBJC_LITERAL_CONVERSION = YES;
				CLANG_WARN_OBJC_ROOT_CLASS = YES_ERROR;
				CLANG_WARN_QUOTED_INCLUDE_IN_FRAMEWORK_HEADER = YES;
				CLANG_WARN_RANGE_LOOP_ANALYSIS = YES;
				CLANG_WARN_STRICT_PROTOTYPES = YES;
				CLANG_WARN_SUSPICIOUS_MOVE = YES;
				CLANG_WARN_UNGUARDED_AVAILABILITY = YES_AGGRESSIVE;
				CLANG_WARN_UNREACHABLE_CODE = YES;
				CLANG_WARN__DUPLICATE_METHOD_MATCH = YES;
				COPY_PHASE_STRIP = NO;
				DEBUG_INFORMATION_FORMAT = dwarf;
				ENABLE_STRICT_OBJC_MSGSEND = YES;
				ENABLE_TESTABILITY = YES;
				GCC_C_LANGUAGE_STANDARD = gnu11;
				GCC_DYNAMIC_NO_PIC = NO;
				GCC_NO_COMMON_BLOCKS = YES;
				GCC_OPTIMIZATION_LEVEL = 0;
				GCC_PREPROCESSOR_DEFINITIONS = (
					"DEBUG=1",
					"$(inherited)",
				);
				GCC_WARN_64_TO_32_BIT_CONVERSION = YES;
				GCC_WARN_ABOUT_RETURN_TYPE = YES_ERROR;
				GCC_WARN_UNDECLARED_SELECTOR = YES;
				GCC_WARN_UNINITIALIZED_AUTOS = YES_AGGRESSIVE;
				GCC_WARN_UNUSED_FUNCTION = YES;
				GCC_WARN_UNUSED_VARIABLE = YES;
				IPHONEOS_DEPLOYMENT_TARGET = 15.2;
				MTL_ENABLE_DEBUG_INFO = INCLUDE_SOURCE;
				MTL_FAST_MATH = YES;
				ONLY_ACTIVE_ARCH = YES;
				SDKROOT = iphoneos;
				SWIFT_ACTIVE_COMPILATION_CONDITIONS = DEBUG;
				SWIFT_OPTIMIZATION_LEVEL = "-Onone";
			};
			name = Debug;
		};
		26B430F627E1154800F00210 /* Release */ = {
			isa = XCBuildConfiguration;
			buildSettings = {
				ALWAYS_SEARCH_USER_PATHS = NO;
				CLANG_ANALYZER_NONNULL = YES;
				CLANG_ANALYZER_NUMBER_OBJECT_CONVERSION = YES_AGGRESSIVE;
				CLANG_CXX_LANGUAGE_STANDARD = "gnu++17";
				CLANG_CXX_LIBRARY = "libc++";
				CLANG_ENABLE_MODULES = YES;
				CLANG_ENABLE_OBJC_ARC = YES;
				CLANG_ENABLE_OBJC_WEAK = YES;
				CLANG_WARN_BLOCK_CAPTURE_AUTORELEASING = YES;
				CLANG_WARN_BOOL_CONVERSION = YES;
				CLANG_WARN_COMMA = YES;
				CLANG_WARN_CONSTANT_CONVERSION = YES;
				CLANG_WARN_DEPRECATED_OBJC_IMPLEMENTATIONS = YES;
				CLANG_WARN_DIRECT_OBJC_ISA_USAGE = YES_ERROR;
				CLANG_WARN_DOCUMENTATION_COMMENTS = YES;
				CLANG_WARN_EMPTY_BODY = YES;
				CLANG_WARN_ENUM_CONVERSION = YES;
				CLANG_WARN_INFINITE_RECURSION = YES;
				CLANG_WARN_INT_CONVERSION = YES;
				CLANG_WARN_NON_LITERAL_NULL_CONVERSION = YES;
				CLANG_WARN_OBJC_IMPLICIT_RETAIN_SELF = YES;
				CLANG_WARN_OBJC_LITERAL_CONVERSION = YES;
				CLANG_WARN_OBJC_ROOT_CLASS = YES_ERROR;
				CLANG_WARN_QUOTED_INCLUDE_IN_FRAMEWORK_HEADER = YES;
				CLANG_WARN_RANGE_LOOP_ANALYSIS = YES;
				CLANG_WARN_STRICT_PROTOTYPES = YES;
				CLANG_WARN_SUSPICIOUS_MOVE = YES;
				CLANG_WARN_UNGUARDED_AVAILABILITY = YES_AGGRESSIVE;
				CLANG_WARN_UNREACHABLE_CODE = YES;
				CLANG_WARN__DUPLICATE_METHOD_MATCH = YES;
				COPY_PHASE_STRIP = NO;
				DEBUG_INFORMATION_FORMAT = "dwarf-with-dsym";
				ENABLE_NS_ASSERTIONS = NO;
				ENABLE_STRICT_OBJC_MSGSEND = YES;
				GCC_C_LANGUAGE_STANDARD = gnu11;
				GCC_NO_COMMON_BLOCKS = YES;
				GCC_WARN_64_TO_32_BIT_CONVERSION = YES;
				GCC_WARN_ABOUT_RETURN_TYPE = YES_ERROR;
				GCC_WARN_UNDECLARED_SELECTOR = YES;
				GCC_WARN_UNINITIALIZED_AUTOS = YES_AGGRESSIVE;
				GCC_WARN_UNUSED_FUNCTION = YES;
				GCC_WARN_UNUSED_VARIABLE = YES;
				IPHONEOS_DEPLOYMENT_TARGET = 15.2;
				MTL_ENABLE_DEBUG_INFO = NO;
				MTL_FAST_MATH = YES;
				SDKROOT = iphoneos;
				SWIFT_COMPILATION_MODE = wholemodule;
				SWIFT_OPTIMIZATION_LEVEL = "-O";
				VALIDATE_PRODUCT = YES;
			};
			name = Release;
		};
		26B430F827E1154800F00210 /* Debug */ = {
			isa = XCBuildConfiguration;
			buildSettings = {
				ASSETCATALOG_COMPILER_APPICON_NAME = AppIcon;
				ASSETCATALOG_COMPILER_GLOBAL_ACCENT_COLOR_NAME = AccentColor;
				CODE_SIGN_STYLE = Automatic;
				CURRENT_PROJECT_VERSION = 1;
				DEVELOPMENT_TEAM = 9G3V3Z24HF;
				GENERATE_INFOPLIST_FILE = YES;
				INFOPLIST_FILE = "UIKit-Swift/Supporting files/Info.plist";
				INFOPLIST_KEY_UIApplicationSupportsIndirectInputEvents = YES;
				INFOPLIST_KEY_UILaunchStoryboardName = LaunchScreen;
				INFOPLIST_KEY_UISupportedInterfaceOrientations_iPad = "UIInterfaceOrientationPortrait UIInterfaceOrientationPortraitUpsideDown UIInterfaceOrientationLandscapeLeft UIInterfaceOrientationLandscapeRight";
				INFOPLIST_KEY_UISupportedInterfaceOrientations_iPhone = "UIInterfaceOrientationPortrait UIInterfaceOrientationLandscapeLeft UIInterfaceOrientationLandscapeRight";
				LD_RUNPATH_SEARCH_PATHS = (
					"$(inherited)",
					"@executable_path/Frameworks",
				);
				MARKETING_VERSION = 1.0;
				PRODUCT_BUNDLE_IDENTIFIER = "com.kamilgomolka.UIKit-Swift";
				PRODUCT_NAME = "$(TARGET_NAME)";
				SWIFT_EMIT_LOC_STRINGS = YES;
				SWIFT_VERSION = 5.0;
				TARGETED_DEVICE_FAMILY = "1,2";
			};
			name = Debug;
		};
		26B430F927E1154800F00210 /* Release */ = {
			isa = XCBuildConfiguration;
			buildSettings = {
				ASSETCATALOG_COMPILER_APPICON_NAME = AppIcon;
				ASSETCATALOG_COMPILER_GLOBAL_ACCENT_COLOR_NAME = AccentColor;
				CODE_SIGN_STYLE = Automatic;
				CURRENT_PROJECT_VERSION = 1;
				DEVELOPMENT_TEAM = 9G3V3Z24HF;
				GENERATE_INFOPLIST_FILE = YES;
				INFOPLIST_FILE = "UIKit-Swift/Supporting files/Info.plist";
				INFOPLIST_KEY_UIApplicationSupportsIndirectInputEvents = YES;
				INFOPLIST_KEY_UILaunchStoryboardName = LaunchScreen;
				INFOPLIST_KEY_UISupportedInterfaceOrientations_iPad = "UIInterfaceOrientationPortrait UIInterfaceOrientationPortraitUpsideDown UIInterfaceOrientationLandscapeLeft UIInterfaceOrientationLandscapeRight";
				INFOPLIST_KEY_UISupportedInterfaceOrientations_iPhone = "UIInterfaceOrientationPortrait UIInterfaceOrientationLandscapeLeft UIInterfaceOrientationLandscapeRight";
				LD_RUNPATH_SEARCH_PATHS = (
					"$(inherited)",
					"@executable_path/Frameworks",
				);
				MARKETING_VERSION = 1.0;
				PRODUCT_BUNDLE_IDENTIFIER = "com.kamilgomolka.UIKit-Swift";
				PRODUCT_NAME = "$(TARGET_NAME)";
				SWIFT_EMIT_LOC_STRINGS = YES;
				SWIFT_VERSION = 5.0;
				TARGETED_DEVICE_FAMILY = "1,2";
			};
			name = Release;
		};
/* End XCBuildConfiguration section */

/* Begin XCConfigurationList section */
		26B430DE27E1154700F00210 /* Build configuration list for PBXProject "UIKit-Swift" */ = {
			isa = XCConfigurationList;
			buildConfigurations = (
				26B430F527E1154800F00210 /* Debug */,
				26B430F627E1154800F00210 /* Release */,
			);
			defaultConfigurationIsVisible = 0;
			defaultConfigurationName = Release;
		};
		26B430F727E1154800F00210 /* Build configuration list for PBXNativeTarget "UIKit-Swift" */ = {
			isa = XCConfigurationList;
			buildConfigurations = (
				26B430F827E1154800F00210 /* Debug */,
				26B430F927E1154800F00210 /* Release */,
			);
			defaultConfigurationIsVisible = 0;
			defaultConfigurationName = Release;
		};
/* End XCConfigurationList section */
	};
	rootObject = 26B430DB27E1154700F00210 /* Project object */;
}
